{
  "pins" : [
    {
      "identity" : "swiftformat",
      "kind" : "remoteSourceControl",
      "location" : "https://github.com/nicklockwood/SwiftFormat",
      "state" : {
        "revision" : "da637c398c5d08896521b737f2868ddc2e7996ae",
        "version" : "0.50.6"
      }
    }
  ],
  "version" : 2
}
