// !$*UTF8*$!
{
	archiveVersion = 1;
	classes = {
	};
	objectVersion = 55;
	objects = {

/* Begin PBXBuildFile section */
		7238239328A5343500B76087 /* EldenRingWikiApp.swift in Sources */ = {isa = PBXBuildFile; fileRef = 7238239228A5343500B76087 /* EldenRingWikiApp.swift */; };
		7238239728A5343600B76087 /* Assets.xcassets in Resources */ = {isa = PBXBuildFile; fileRef = 7238239628A5343600B76087 /* Assets.xcassets */; };
		7238239A28A5343600B76087 /* Preview Assets.xcassets in Resources */ = {isa = PBXBuildFile; fileRef = 7238239928A5343600B76087 /* Preview Assets.xcassets */; };
		723823A428A5343700B76087 /* EldenRingWikiTests.swift in Sources */ = {isa = PBXBuildFile; fileRef = 723823A328A5343700B76087 /* EldenRingWikiTests.swift */; };
		723823AE28A5343700B76087 /* EldenRingWikiUITests.swift in Sources */ = {isa = PBXBuildFile; fileRef = 723823AD28A5343700B76087 /* EldenRingWikiUITests.swift */; };
		723823B028A5343700B76087 /* EldenRingWikiUITestsLaunchTests.swift in Sources */ = {isa = PBXBuildFile; fileRef = 723823AF28A5343700B76087 /* EldenRingWikiUITestsLaunchTests.swift */; };
		723823CE28A6685D00B76087 /* NetworkError.swift in Sources */ = {isa = PBXBuildFile; fileRef = 723823CD28A6685D00B76087 /* NetworkError.swift */; };
		723823D228A6692900B76087 /* NetworkService.swift in Sources */ = {isa = PBXBuildFile; fileRef = 723823D128A6692900B76087 /* NetworkService.swift */; };
		723823D428A6696800B76087 /* Endpoint.swift in Sources */ = {isa = PBXBuildFile; fileRef = 723823D328A6696800B76087 /* Endpoint.swift */; };
		723823D728A69EC100B76087 /* String+.swift in Sources */ = {isa = PBXBuildFile; fileRef = 723823D628A69EC100B76087 /* String+.swift */; };
		723823D928A69F1800B76087 /* HTTPURLResponse+.swift in Sources */ = {isa = PBXBuildFile; fileRef = 723823D828A69F1800B76087 /* HTTPURLResponse+.swift */; };
		723823DC28A69F7000B76087 /* Constants.swift in Sources */ = {isa = PBXBuildFile; fileRef = 723823DB28A69F7000B76087 /* Constants.swift */; };
		723823DE28A69F8100B76087 /* Localizable.strings in Resources */ = {isa = PBXBuildFile; fileRef = 723823DD28A69F8100B76087 /* Localizable.strings */; };
		723823E228A6C9E800B76087 /* WeaponData.swift in Sources */ = {isa = PBXBuildFile; fileRef = 723823CA28A6685D00B76087 /* WeaponData.swift */; };
		723823E328A6C9E800B76087 /* Weapon.swift in Sources */ = {isa = PBXBuildFile; fileRef = 723823C628A6685D00B76087 /* Weapon.swift */; };
		723823E428A6C9E800B76087 /* RequiredAttributes.swift in Sources */ = {isa = PBXBuildFile; fileRef = 723823C528A6685D00B76087 /* RequiredAttributes.swift */; };
		723823E528A6C9E800B76087 /* Attack.swift in Sources */ = {isa = PBXBuildFile; fileRef = 723823C728A6685D00B76087 /* Attack.swift */; };
		723823E628A6C9E800B76087 /* Weapons.swift in Sources */ = {isa = PBXBuildFile; fileRef = 723823C828A6685D00B76087 /* Weapons.swift */; };
		723823E728A6C9E800B76087 /* ScalesWith.swift in Sources */ = {isa = PBXBuildFile; fileRef = 723823C928A6685D00B76087 /* ScalesWith.swift */; };
		723823E828A6C9E800B76087 /* Defence.swift in Sources */ = {isa = PBXBuildFile; fileRef = 723823C428A6685D00B76087 /* Defence.swift */; };
		723823EE28A7DC9300B76087 /* Ammos.swift in Sources */ = {isa = PBXBuildFile; fileRef = 723823ED28A7DC9300B76087 /* Ammos.swift */; };
		723823F028A7DCA100B76087 /* Ammo.swift in Sources */ = {isa = PBXBuildFile; fileRef = 723823EF28A7DCA100B76087 /* Ammo.swift */; };
		723823F228A7DCE000B76087 /* AmmoData.swift in Sources */ = {isa = PBXBuildFile; fileRef = 723823F128A7DCE000B76087 /* AmmoData.swift */; };
		723823F428A7DD4000B76087 /* AttackPower.swift in Sources */ = {isa = PBXBuildFile; fileRef = 723823F328A7DD4000B76087 /* AttackPower.swift */; };
		723823F628A7DDD300B76087 /* Shields.swift in Sources */ = {isa = PBXBuildFile; fileRef = 723823F528A7DDD300B76087 /* Shields.swift */; };
		723823F828A7DDDD00B76087 /* Shield.swift in Sources */ = {isa = PBXBuildFile; fileRef = 723823F728A7DDDD00B76087 /* Shield.swift */; };
		723823FA28A7DDE600B76087 /* ShieldData.swift in Sources */ = {isa = PBXBuildFile; fileRef = 723823F928A7DDE600B76087 /* ShieldData.swift */; };
		723823FD28A7DEED00B76087 /* Armors.swift in Sources */ = {isa = PBXBuildFile; fileRef = 723823FC28A7DEED00B76087 /* Armors.swift */; };
		723823FF28A7DEF400B76087 /* Armor.swift in Sources */ = {isa = PBXBuildFile; fileRef = 723823FE28A7DEF400B76087 /* Armor.swift */; };
		7238240128A7DF0100B76087 /* ArmorData.swift in Sources */ = {isa = PBXBuildFile; fileRef = 7238240028A7DF0100B76087 /* ArmorData.swift */; };
		7238240328A7DF7B00B76087 /* DmgNegation.swift in Sources */ = {isa = PBXBuildFile; fileRef = 7238240228A7DF7B00B76087 /* DmgNegation.swift */; };
		7238240528A7DFA000B76087 /* Resistance.swift in Sources */ = {isa = PBXBuildFile; fileRef = 7238240428A7DFA000B76087 /* Resistance.swift */; };
		7238240728A9598A00B76087 /* RootView.swift in Sources */ = {isa = PBXBuildFile; fileRef = 7238240628A9598A00B76087 /* RootView.swift */; };
		7238240B28AA6B6600B76087 /* CatalogView.swift in Sources */ = {isa = PBXBuildFile; fileRef = 7238240A28AA6B6600B76087 /* CatalogView.swift */; };
		7238240D28AA6FFC00B76087 /* CatalogViewModel.swift in Sources */ = {isa = PBXBuildFile; fileRef = 7238240C28AA6FFC00B76087 /* CatalogViewModel.swift */; };
		7238240F28AA9AE300B76087 /* TabRouter.swift in Sources */ = {isa = PBXBuildFile; fileRef = 7238240E28AA9AE300B76087 /* TabRouter.swift */; };
		7238241128AAA08000B76087 /* CatalogStruct.swift in Sources */ = {isa = PBXBuildFile; fileRef = 7238241028AAA08000B76087 /* CatalogStruct.swift */; };
		7238241628AD101600B76087 /* ListItemsView.swift in Sources */ = {isa = PBXBuildFile; fileRef = 7238241528AD101600B76087 /* ListItemsView.swift */; };
		7238241828AD102600B76087 /* ListItemsViewModel.swift in Sources */ = {isa = PBXBuildFile; fileRef = 7238241728AD102600B76087 /* ListItemsViewModel.swift */; };
		7238241A28AD10A600B76087 /* ListItemsModel.swift in Sources */ = {isa = PBXBuildFile; fileRef = 7238241928AD10A600B76087 /* ListItemsModel.swift */; };
		7238241C28AD130300B76087 /* ListType.swift in Sources */ = {isa = PBXBuildFile; fileRef = 7238241B28AD130300B76087 /* ListType.swift */; };
		7238242128AD1ACD00B76087 /* Dependencies.swift in Sources */ = {isa = PBXBuildFile; fileRef = 7238242028AD1ACD00B76087 /* Dependencies.swift */; };
		7238242528AE6BA700B76087 /* Items.swift in Sources */ = {isa = PBXBuildFile; fileRef = 7238242428AE6BA700B76087 /* Items.swift */; };
		7238242728AE6BD700B76087 /* Item.swift in Sources */ = {isa = PBXBuildFile; fileRef = 7238242628AE6BD700B76087 /* Item.swift */; };
		7238242928AE6BFE00B76087 /* ItemData.swift in Sources */ = {isa = PBXBuildFile; fileRef = 7238242828AE6BFE00B76087 /* ItemData.swift */; };
		7238242E28AE6C7700B76087 /* ItemMappable.swift in Sources */ = {isa = PBXBuildFile; fileRef = 7238242D28AE6C7700B76087 /* ItemMappable.swift */; };
		7238243228AE6D1C00B76087 /* Talismans.swift in Sources */ = {isa = PBXBuildFile; fileRef = 7238243128AE6D1C00B76087 /* Talismans.swift */; };
		7238243428AE6D2100B76087 /* Talisman.swift in Sources */ = {isa = PBXBuildFile; fileRef = 7238243328AE6D2100B76087 /* Talisman.swift */; };
		7238243628AE6D2A00B76087 /* TalismanData.swift in Sources */ = {isa = PBXBuildFile; fileRef = 7238243528AE6D2A00B76087 /* TalismanData.swift */; };
		7238243D28AE721600B76087 /* Ashes.swift in Sources */ = {isa = PBXBuildFile; fileRef = 7238243C28AE721600B76087 /* Ashes.swift */; };
		7238243F28AE722000B76087 /* Ashe.swift in Sources */ = {isa = PBXBuildFile; fileRef = 7238243E28AE722000B76087 /* Ashe.swift */; };
		7238244128AE722A00B76087 /* AsheData.swift in Sources */ = {isa = PBXBuildFile; fileRef = 7238244028AE722A00B76087 /* AsheData.swift */; };
		7238244328AE737C00B76087 /* Sorceries.swift in Sources */ = {isa = PBXBuildFile; fileRef = 7238244228AE737C00B76087 /* Sorceries.swift */; };
		7238244528AE738500B76087 /* Sorcery.swift in Sources */ = {isa = PBXBuildFile; fileRef = 7238244428AE738500B76087 /* Sorcery.swift */; };
		7238244728AE738D00B76087 /* SorceryData.swift in Sources */ = {isa = PBXBuildFile; fileRef = 7238244628AE738D00B76087 /* SorceryData.swift */; };
		7238244928AE745F00B76087 /* Requires.swift in Sources */ = {isa = PBXBuildFile; fileRef = 7238244828AE745F00B76087 /* Requires.swift */; };
		7238244B28AEAB8D00B76087 /* Spirits.swift in Sources */ = {isa = PBXBuildFile; fileRef = 7238244A28AEAB8D00B76087 /* Spirits.swift */; };
		7238244D28AEAB9500B76087 /* Spirit.swift in Sources */ = {isa = PBXBuildFile; fileRef = 7238244C28AEAB9500B76087 /* Spirit.swift */; };
		7238244F28AEAB9D00B76087 /* SpiritData.swift in Sources */ = {isa = PBXBuildFile; fileRef = 7238244E28AEAB9D00B76087 /* SpiritData.swift */; };
		7238245228AEAD7D00B76087 /* Incantations.swift in Sources */ = {isa = PBXBuildFile; fileRef = 7238245128AEAD7D00B76087 /* Incantations.swift */; };
		7238245428AEAD8300B76087 /* Incantation.swift in Sources */ = {isa = PBXBuildFile; fileRef = 7238245328AEAD8300B76087 /* Incantation.swift */; };
		7238245628AEAD8A00B76087 /* IncantationData.swift in Sources */ = {isa = PBXBuildFile; fileRef = 7238245528AEAD8A00B76087 /* IncantationData.swift */; };
		7238246228AEB08100B76087 /* CharacterClasses.swift in Sources */ = {isa = PBXBuildFile; fileRef = 7238246128AEB08100B76087 /* CharacterClasses.swift */; };
		7238246428AEB08800B76087 /* CharacterClass.swift in Sources */ = {isa = PBXBuildFile; fileRef = 7238246328AEB08800B76087 /* CharacterClass.swift */; };
		7238246628AEB09000B76087 /* CharacterClassData.swift in Sources */ = {isa = PBXBuildFile; fileRef = 7238246528AEB09000B76087 /* CharacterClassData.swift */; };
		7238246828AEB0CA00B76087 /* ClassStats.swift in Sources */ = {isa = PBXBuildFile; fileRef = 7238246728AEB0CA00B76087 /* ClassStats.swift */; };
		7238246A28AF80CA00B76087 /* Bosses.swift in Sources */ = {isa = PBXBuildFile; fileRef = 7238246928AF80CA00B76087 /* Bosses.swift */; };
		7238246C28AF80D300B76087 /* Boss.swift in Sources */ = {isa = PBXBuildFile; fileRef = 7238246B28AF80D300B76087 /* Boss.swift */; };
		7238246E28AF80DC00B76087 /* BossData.swift in Sources */ = {isa = PBXBuildFile; fileRef = 7238246D28AF80DC00B76087 /* BossData.swift */; };
		7238247028AF854C00B76087 /* NPCs.swift in Sources */ = {isa = PBXBuildFile; fileRef = 7238246F28AF854C00B76087 /* NPCs.swift */; };
		7238247228AF855400B76087 /* NPC.swift in Sources */ = {isa = PBXBuildFile; fileRef = 7238247128AF855400B76087 /* NPC.swift */; };
		7238247428AF855E00B76087 /* NPCData.swift in Sources */ = {isa = PBXBuildFile; fileRef = 7238247328AF855E00B76087 /* NPCData.swift */; };
		7238247628AF86BA00B76087 /* Creatures.swift in Sources */ = {isa = PBXBuildFile; fileRef = 7238247528AF86BA00B76087 /* Creatures.swift */; };
		7238247828AF86C300B76087 /* Creature.swift in Sources */ = {isa = PBXBuildFile; fileRef = 7238247728AF86C300B76087 /* Creature.swift */; };
		7238247A28AF86CF00B76087 /* CreatureData.swift in Sources */ = {isa = PBXBuildFile; fileRef = 7238247928AF86CF00B76087 /* CreatureData.swift */; };
		7238247C28AF884700B76087 /* Locations.swift in Sources */ = {isa = PBXBuildFile; fileRef = 7238247B28AF884700B76087 /* Locations.swift */; };
		7238247E28AF884D00B76087 /* Location.swift in Sources */ = {isa = PBXBuildFile; fileRef = 7238247D28AF884D00B76087 /* Location.swift */; };
		7238248028AF885400B76087 /* LocationData.swift in Sources */ = {isa = PBXBuildFile; fileRef = 7238247F28AF885400B76087 /* LocationData.swift */; };
		7238248328AFBE2300B76087 /* MapView.swift in Sources */ = {isa = PBXBuildFile; fileRef = 7238248228AFBE2300B76087 /* MapView.swift */; };
		7238248728AFC75500B76087 /* WebViewContainer.swift in Sources */ = {isa = PBXBuildFile; fileRef = 7238248628AFC75500B76087 /* WebViewContainer.swift */; };
		7238248A28AFC7C200B76087 /* WebViewModel.swift in Sources */ = {isa = PBXBuildFile; fileRef = 7238248928AFC7C200B76087 /* WebViewModel.swift */; };
		7238249028B2636E00B76087 /* CacheAsyncImage.swift in Sources */ = {isa = PBXBuildFile; fileRef = 7238248F28B2636E00B76087 /* CacheAsyncImage.swift */; };
		7238249A28B6358F00B76087 /* Colors.swift in Sources */ = {isa = PBXBuildFile; fileRef = 7238249928B6358F00B76087 /* Colors.swift */; };
		7261FD2E28C7C28A0073DDFA /* Repository.swift in Sources */ = {isa = PBXBuildFile; fileRef = 7261FD2D28C7C28A0073DDFA /* Repository.swift */; };
		7261FD3128C7C6FA0073DDFA /* DetailViewModel.swift in Sources */ = {isa = PBXBuildFile; fileRef = 7261FD3028C7C6FA0073DDFA /* DetailViewModel.swift */; };
		727C338B28C11ECE009E015E /* DetailView.swift in Sources */ = {isa = PBXBuildFile; fileRef = 727C338A28C11ECE009E015E /* DetailView.swift */; };
		72CD729D28CD0D9F006DF6EC /* FilterType.swift in Sources */ = {isa = PBXBuildFile; fileRef = 72CD729C28CD0D9F006DF6EC /* FilterType.swift */; };
/* End PBXBuildFile section */

/* Begin PBXContainerItemProxy section */
		723823A028A5343700B76087 /* PBXContainerItemProxy */ = {
			isa = PBXContainerItemProxy;
			containerPortal = 7238238728A5343500B76087 /* Project object */;
			proxyType = 1;
			remoteGlobalIDString = 7238238E28A5343500B76087;
			remoteInfo = EldenRingWiki;
		};
		723823AA28A5343700B76087 /* PBXContainerItemProxy */ = {
			isa = PBXContainerItemProxy;
			containerPortal = 7238238728A5343500B76087 /* Project object */;
			proxyType = 1;
			remoteGlobalIDString = 7238238E28A5343500B76087;
			remoteInfo = EldenRingWiki;
		};
/* End PBXContainerItemProxy section */

/* Begin PBXFileReference section */
		7238238F28A5343500B76087 /* EldenRingWiki.app */ = {isa = PBXFileReference; explicitFileType = wrapper.application; includeInIndex = 0; path = EldenRingWiki.app; sourceTree = BUILT_PRODUCTS_DIR; };
		7238239228A5343500B76087 /* EldenRingWikiApp.swift */ = {isa = PBXFileReference; lastKnownFileType = sourcecode.swift; path = EldenRingWikiApp.swift; sourceTree = "<group>"; };
		7238239628A5343600B76087 /* Assets.xcassets */ = {isa = PBXFileReference; lastKnownFileType = folder.assetcatalog; path = Assets.xcassets; sourceTree = "<group>"; };
		7238239928A5343600B76087 /* Preview Assets.xcassets */ = {isa = PBXFileReference; lastKnownFileType = folder.assetcatalog; path = "Preview Assets.xcassets"; sourceTree = "<group>"; };
		7238239F28A5343700B76087 /* EldenRingWikiTests.xctest */ = {isa = PBXFileReference; explicitFileType = wrapper.cfbundle; includeInIndex = 0; path = EldenRingWikiTests.xctest; sourceTree = BUILT_PRODUCTS_DIR; };
		723823A328A5343700B76087 /* EldenRingWikiTests.swift */ = {isa = PBXFileReference; lastKnownFileType = sourcecode.swift; path = EldenRingWikiTests.swift; sourceTree = "<group>"; };
		723823A928A5343700B76087 /* EldenRingWikiUITests.xctest */ = {isa = PBXFileReference; explicitFileType = wrapper.cfbundle; includeInIndex = 0; path = EldenRingWikiUITests.xctest; sourceTree = BUILT_PRODUCTS_DIR; };
		723823AD28A5343700B76087 /* EldenRingWikiUITests.swift */ = {isa = PBXFileReference; lastKnownFileType = sourcecode.swift; path = EldenRingWikiUITests.swift; sourceTree = "<group>"; };
		723823AF28A5343700B76087 /* EldenRingWikiUITestsLaunchTests.swift */ = {isa = PBXFileReference; lastKnownFileType = sourcecode.swift; path = EldenRingWikiUITestsLaunchTests.swift; sourceTree = "<group>"; };
		723823C428A6685D00B76087 /* Defence.swift */ = {isa = PBXFileReference; lastKnownFileType = sourcecode.swift; path = Defence.swift; sourceTree = "<group>"; };
		723823C528A6685D00B76087 /* RequiredAttributes.swift */ = {isa = PBXFileReference; lastKnownFileType = sourcecode.swift; path = RequiredAttributes.swift; sourceTree = "<group>"; };
		723823C628A6685D00B76087 /* Weapon.swift */ = {isa = PBXFileReference; lastKnownFileType = sourcecode.swift; path = Weapon.swift; sourceTree = "<group>"; };
		723823C728A6685D00B76087 /* Attack.swift */ = {isa = PBXFileReference; lastKnownFileType = sourcecode.swift; path = Attack.swift; sourceTree = "<group>"; };
		723823C828A6685D00B76087 /* Weapons.swift */ = {isa = PBXFileReference; lastKnownFileType = sourcecode.swift; path = Weapons.swift; sourceTree = "<group>"; };
		723823C928A6685D00B76087 /* ScalesWith.swift */ = {isa = PBXFileReference; lastKnownFileType = sourcecode.swift; path = ScalesWith.swift; sourceTree = "<group>"; };
		723823CA28A6685D00B76087 /* WeaponData.swift */ = {isa = PBXFileReference; lastKnownFileType = sourcecode.swift; path = WeaponData.swift; sourceTree = "<group>"; };
		723823CD28A6685D00B76087 /* NetworkError.swift */ = {isa = PBXFileReference; lastKnownFileType = sourcecode.swift; path = NetworkError.swift; sourceTree = "<group>"; };
		723823D128A6692900B76087 /* NetworkService.swift */ = {isa = PBXFileReference; lastKnownFileType = sourcecode.swift; path = NetworkService.swift; sourceTree = "<group>"; };
		723823D328A6696800B76087 /* Endpoint.swift */ = {isa = PBXFileReference; lastKnownFileType = sourcecode.swift; path = Endpoint.swift; sourceTree = "<group>"; };
		723823D628A69EC100B76087 /* String+.swift */ = {isa = PBXFileReference; lastKnownFileType = sourcecode.swift; path = "String+.swift"; sourceTree = "<group>"; };
		723823D828A69F1800B76087 /* HTTPURLResponse+.swift */ = {isa = PBXFileReference; lastKnownFileType = sourcecode.swift; path = "HTTPURLResponse+.swift"; sourceTree = "<group>"; };
		723823DB28A69F7000B76087 /* Constants.swift */ = {isa = PBXFileReference; lastKnownFileType = sourcecode.swift; path = Constants.swift; sourceTree = "<group>"; };
		723823DD28A69F8100B76087 /* Localizable.strings */ = {isa = PBXFileReference; lastKnownFileType = text.plist.strings; path = Localizable.strings; sourceTree = "<group>"; };
		723823ED28A7DC9300B76087 /* Ammos.swift */ = {isa = PBXFileReference; lastKnownFileType = sourcecode.swift; path = Ammos.swift; sourceTree = "<group>"; };
		723823EF28A7DCA100B76087 /* Ammo.swift */ = {isa = PBXFileReference; lastKnownFileType = sourcecode.swift; path = Ammo.swift; sourceTree = "<group>"; };
		723823F128A7DCE000B76087 /* AmmoData.swift */ = {isa = PBXFileReference; lastKnownFileType = sourcecode.swift; path = AmmoData.swift; sourceTree = "<group>"; };
		723823F328A7DD4000B76087 /* AttackPower.swift */ = {isa = PBXFileReference; lastKnownFileType = sourcecode.swift; path = AttackPower.swift; sourceTree = "<group>"; };
		723823F528A7DDD300B76087 /* Shields.swift */ = {isa = PBXFileReference; lastKnownFileType = sourcecode.swift; path = Shields.swift; sourceTree = "<group>"; };
		723823F728A7DDDD00B76087 /* Shield.swift */ = {isa = PBXFileReference; lastKnownFileType = sourcecode.swift; path = Shield.swift; sourceTree = "<group>"; };
		723823F928A7DDE600B76087 /* ShieldData.swift */ = {isa = PBXFileReference; lastKnownFileType = sourcecode.swift; path = ShieldData.swift; sourceTree = "<group>"; };
		723823FC28A7DEED00B76087 /* Armors.swift */ = {isa = PBXFileReference; lastKnownFileType = sourcecode.swift; path = Armors.swift; sourceTree = "<group>"; };
		723823FE28A7DEF400B76087 /* Armor.swift */ = {isa = PBXFileReference; lastKnownFileType = sourcecode.swift; path = Armor.swift; sourceTree = "<group>"; };
		7238240028A7DF0100B76087 /* ArmorData.swift */ = {isa = PBXFileReference; lastKnownFileType = sourcecode.swift; path = ArmorData.swift; sourceTree = "<group>"; };
		7238240228A7DF7B00B76087 /* DmgNegation.swift */ = {isa = PBXFileReference; lastKnownFileType = sourcecode.swift; path = DmgNegation.swift; sourceTree = "<group>"; };
		7238240428A7DFA000B76087 /* Resistance.swift */ = {isa = PBXFileReference; lastKnownFileType = sourcecode.swift; path = Resistance.swift; sourceTree = "<group>"; };
		7238240628A9598A00B76087 /* RootView.swift */ = {isa = PBXFileReference; lastKnownFileType = sourcecode.swift; path = RootView.swift; sourceTree = "<group>"; };
		7238240A28AA6B6600B76087 /* CatalogView.swift */ = {isa = PBXFileReference; lastKnownFileType = sourcecode.swift; path = CatalogView.swift; sourceTree = "<group>"; };
		7238240C28AA6FFC00B76087 /* CatalogViewModel.swift */ = {isa = PBXFileReference; lastKnownFileType = sourcecode.swift; path = CatalogViewModel.swift; sourceTree = "<group>"; };
		7238240E28AA9AE300B76087 /* TabRouter.swift */ = {isa = PBXFileReference; lastKnownFileType = sourcecode.swift; path = TabRouter.swift; sourceTree = "<group>"; };
		7238241028AAA08000B76087 /* CatalogStruct.swift */ = {isa = PBXFileReference; lastKnownFileType = sourcecode.swift; path = CatalogStruct.swift; sourceTree = "<group>"; };
		7238241528AD101600B76087 /* ListItemsView.swift */ = {isa = PBXFileReference; lastKnownFileType = sourcecode.swift; path = ListItemsView.swift; sourceTree = "<group>"; };
		7238241728AD102600B76087 /* ListItemsViewModel.swift */ = {isa = PBXFileReference; lastKnownFileType = sourcecode.swift; path = ListItemsViewModel.swift; sourceTree = "<group>"; };
		7238241928AD10A600B76087 /* ListItemsModel.swift */ = {isa = PBXFileReference; lastKnownFileType = sourcecode.swift; path = ListItemsModel.swift; sourceTree = "<group>"; };
		7238241B28AD130300B76087 /* ListType.swift */ = {isa = PBXFileReference; lastKnownFileType = sourcecode.swift; path = ListType.swift; sourceTree = "<group>"; };
		7238242028AD1ACD00B76087 /* Dependencies.swift */ = {isa = PBXFileReference; lastKnownFileType = sourcecode.swift; path = Dependencies.swift; sourceTree = "<group>"; };
		7238242428AE6BA700B76087 /* Items.swift */ = {isa = PBXFileReference; lastKnownFileType = sourcecode.swift; path = Items.swift; sourceTree = "<group>"; };
		7238242628AE6BD700B76087 /* Item.swift */ = {isa = PBXFileReference; lastKnownFileType = sourcecode.swift; path = Item.swift; sourceTree = "<group>"; };
		7238242828AE6BFE00B76087 /* ItemData.swift */ = {isa = PBXFileReference; lastKnownFileType = sourcecode.swift; path = ItemData.swift; sourceTree = "<group>"; };
		7238242D28AE6C7700B76087 /* ItemMappable.swift */ = {isa = PBXFileReference; lastKnownFileType = sourcecode.swift; path = ItemMappable.swift; sourceTree = "<group>"; };
		7238243128AE6D1C00B76087 /* Talismans.swift */ = {isa = PBXFileReference; lastKnownFileType = sourcecode.swift; path = Talismans.swift; sourceTree = "<group>"; };
		7238243328AE6D2100B76087 /* Talisman.swift */ = {isa = PBXFileReference; lastKnownFileType = sourcecode.swift; path = Talisman.swift; sourceTree = "<group>"; };
		7238243528AE6D2A00B76087 /* TalismanData.swift */ = {isa = PBXFileReference; lastKnownFileType = sourcecode.swift; path = TalismanData.swift; sourceTree = "<group>"; };
		7238243C28AE721600B76087 /* Ashes.swift */ = {isa = PBXFileReference; lastKnownFileType = sourcecode.swift; path = Ashes.swift; sourceTree = "<group>"; };
		7238243E28AE722000B76087 /* Ashe.swift */ = {isa = PBXFileReference; lastKnownFileType = sourcecode.swift; path = Ashe.swift; sourceTree = "<group>"; };
		7238244028AE722A00B76087 /* AsheData.swift */ = {isa = PBXFileReference; lastKnownFileType = sourcecode.swift; path = AsheData.swift; sourceTree = "<group>"; };
		7238244228AE737C00B76087 /* Sorceries.swift */ = {isa = PBXFileReference; lastKnownFileType = sourcecode.swift; path = Sorceries.swift; sourceTree = "<group>"; };
		7238244428AE738500B76087 /* Sorcery.swift */ = {isa = PBXFileReference; lastKnownFileType = sourcecode.swift; path = Sorcery.swift; sourceTree = "<group>"; };
		7238244628AE738D00B76087 /* SorceryData.swift */ = {isa = PBXFileReference; lastKnownFileType = sourcecode.swift; path = SorceryData.swift; sourceTree = "<group>"; };
		7238244828AE745F00B76087 /* Requires.swift */ = {isa = PBXFileReference; lastKnownFileType = sourcecode.swift; path = Requires.swift; sourceTree = "<group>"; };
		7238244A28AEAB8D00B76087 /* Spirits.swift */ = {isa = PBXFileReference; lastKnownFileType = sourcecode.swift; path = Spirits.swift; sourceTree = "<group>"; };
		7238244C28AEAB9500B76087 /* Spirit.swift */ = {isa = PBXFileReference; lastKnownFileType = sourcecode.swift; path = Spirit.swift; sourceTree = "<group>"; };
		7238244E28AEAB9D00B76087 /* SpiritData.swift */ = {isa = PBXFileReference; lastKnownFileType = sourcecode.swift; path = SpiritData.swift; sourceTree = "<group>"; };
		7238245128AEAD7D00B76087 /* Incantations.swift */ = {isa = PBXFileReference; lastKnownFileType = sourcecode.swift; path = Incantations.swift; sourceTree = "<group>"; };
		7238245328AEAD8300B76087 /* Incantation.swift */ = {isa = PBXFileReference; lastKnownFileType = sourcecode.swift; path = Incantation.swift; sourceTree = "<group>"; };
		7238245528AEAD8A00B76087 /* IncantationData.swift */ = {isa = PBXFileReference; lastKnownFileType = sourcecode.swift; path = IncantationData.swift; sourceTree = "<group>"; };
		7238246128AEB08100B76087 /* CharacterClasses.swift */ = {isa = PBXFileReference; lastKnownFileType = sourcecode.swift; path = CharacterClasses.swift; sourceTree = "<group>"; };
		7238246328AEB08800B76087 /* CharacterClass.swift */ = {isa = PBXFileReference; lastKnownFileType = sourcecode.swift; path = CharacterClass.swift; sourceTree = "<group>"; };
		7238246528AEB09000B76087 /* CharacterClassData.swift */ = {isa = PBXFileReference; lastKnownFileType = sourcecode.swift; path = CharacterClassData.swift; sourceTree = "<group>"; };
		7238246728AEB0CA00B76087 /* ClassStats.swift */ = {isa = PBXFileReference; lastKnownFileType = sourcecode.swift; path = ClassStats.swift; sourceTree = "<group>"; };
		7238246928AF80CA00B76087 /* Bosses.swift */ = {isa = PBXFileReference; lastKnownFileType = sourcecode.swift; path = Bosses.swift; sourceTree = "<group>"; };
		7238246B28AF80D300B76087 /* Boss.swift */ = {isa = PBXFileReference; lastKnownFileType = sourcecode.swift; path = Boss.swift; sourceTree = "<group>"; };
		7238246D28AF80DC00B76087 /* BossData.swift */ = {isa = PBXFileReference; lastKnownFileType = sourcecode.swift; path = BossData.swift; sourceTree = "<group>"; };
		7238246F28AF854C00B76087 /* NPCs.swift */ = {isa = PBXFileReference; lastKnownFileType = sourcecode.swift; path = NPCs.swift; sourceTree = "<group>"; };
		7238247128AF855400B76087 /* NPC.swift */ = {isa = PBXFileReference; lastKnownFileType = sourcecode.swift; path = NPC.swift; sourceTree = "<group>"; };
		7238247328AF855E00B76087 /* NPCData.swift */ = {isa = PBXFileReference; lastKnownFileType = sourcecode.swift; path = NPCData.swift; sourceTree = "<group>"; };
		7238247528AF86BA00B76087 /* Creatures.swift */ = {isa = PBXFileReference; lastKnownFileType = sourcecode.swift; path = Creatures.swift; sourceTree = "<group>"; };
		7238247728AF86C300B76087 /* Creature.swift */ = {isa = PBXFileReference; lastKnownFileType = sourcecode.swift; path = Creature.swift; sourceTree = "<group>"; };
		7238247928AF86CF00B76087 /* CreatureData.swift */ = {isa = PBXFileReference; lastKnownFileType = sourcecode.swift; path = CreatureData.swift; sourceTree = "<group>"; };
		7238247B28AF884700B76087 /* Locations.swift */ = {isa = PBXFileReference; lastKnownFileType = sourcecode.swift; path = Locations.swift; sourceTree = "<group>"; };
		7238247D28AF884D00B76087 /* Location.swift */ = {isa = PBXFileReference; lastKnownFileType = sourcecode.swift; path = Location.swift; sourceTree = "<group>"; };
		7238247F28AF885400B76087 /* LocationData.swift */ = {isa = PBXFileReference; lastKnownFileType = sourcecode.swift; path = LocationData.swift; sourceTree = "<group>"; };
		7238248228AFBE2300B76087 /* MapView.swift */ = {isa = PBXFileReference; lastKnownFileType = sourcecode.swift; path = MapView.swift; sourceTree = "<group>"; };
		7238248628AFC75500B76087 /* WebViewContainer.swift */ = {isa = PBXFileReference; lastKnownFileType = sourcecode.swift; path = WebViewContainer.swift; sourceTree = "<group>"; };
		7238248928AFC7C200B76087 /* WebViewModel.swift */ = {isa = PBXFileReference; lastKnownFileType = sourcecode.swift; path = WebViewModel.swift; sourceTree = "<group>"; };
		7238248F28B2636E00B76087 /* CacheAsyncImage.swift */ = {isa = PBXFileReference; lastKnownFileType = sourcecode.swift; path = CacheAsyncImage.swift; sourceTree = "<group>"; };
		7238249928B6358F00B76087 /* Colors.swift */ = {isa = PBXFileReference; lastKnownFileType = sourcecode.swift; path = Colors.swift; sourceTree = "<group>"; };
		72463E1228D89C180071F4FA /* Info.plist */ = {isa = PBXFileReference; lastKnownFileType = text.plist; path = Info.plist; sourceTree = "<group>"; };
		7261FD2D28C7C28A0073DDFA /* Repository.swift */ = {isa = PBXFileReference; lastKnownFileType = sourcecode.swift; path = Repository.swift; sourceTree = "<group>"; };
		7261FD3028C7C6FA0073DDFA /* DetailViewModel.swift */ = {isa = PBXFileReference; lastKnownFileType = sourcecode.swift; path = DetailViewModel.swift; sourceTree = "<group>"; };
		727C338A28C11ECE009E015E /* DetailView.swift */ = {isa = PBXFileReference; lastKnownFileType = sourcecode.swift; path = DetailView.swift; sourceTree = "<group>"; };
		72CD729C28CD0D9F006DF6EC /* FilterType.swift */ = {isa = PBXFileReference; lastKnownFileType = sourcecode.swift; path = FilterType.swift; sourceTree = "<group>"; };
/* End PBXFileReference section */

/* Begin PBXFrameworksBuildPhase section */
		7238238C28A5343500B76087 /* Frameworks */ = {
			isa = PBXFrameworksBuildPhase;
			buildActionMask = 2147483647;
			files = (
			);
			runOnlyForDeploymentPostprocessing = 0;
		};
		7238239C28A5343700B76087 /* Frameworks */ = {
			isa = PBXFrameworksBuildPhase;
			buildActionMask = 2147483647;
			files = (
			);
			runOnlyForDeploymentPostprocessing = 0;
		};
		723823A628A5343700B76087 /* Frameworks */ = {
			isa = PBXFrameworksBuildPhase;
			buildActionMask = 2147483647;
			files = (
			);
			runOnlyForDeploymentPostprocessing = 0;
		};
/* End PBXFrameworksBuildPhase section */

/* Begin PBXGroup section */
		7238238628A5343500B76087 = {
			isa = PBXGroup;
			children = (
				7238239128A5343500B76087 /* EldenRingWiki */,
				723823A228A5343700B76087 /* EldenRingWikiTests */,
				723823AC28A5343700B76087 /* EldenRingWikiUITests */,
				7238239028A5343500B76087 /* Products */,
			);
			sourceTree = "<group>";
		};
		7238239028A5343500B76087 /* Products */ = {
			isa = PBXGroup;
			children = (
				7238238F28A5343500B76087 /* EldenRingWiki.app */,
				7238239F28A5343700B76087 /* EldenRingWikiTests.xctest */,
				723823A928A5343700B76087 /* EldenRingWikiUITests.xctest */,
			);
			name = Products;
			sourceTree = "<group>";
		};
		7238239128A5343500B76087 /* EldenRingWiki */ = {
			isa = PBXGroup;
			children = (
				72463E1228D89C180071F4FA /* Info.plist */,
				7261FD2F28C7C2970073DDFA /* Repository */,
				7238240828AA69E900B76087 /* Features */,
				723824D728B7E48400B76087 /* Models */,
				723823D028A6687000B76087 /* Networking */,
				7238239228A5343500B76087 /* EldenRingWikiApp.swift */,
				7238242028AD1ACD00B76087 /* Dependencies.swift */,
				723823DA28A69F6000B76087 /* Resources */,
				7238239828A5343600B76087 /* Preview Content */,
			);
			path = EldenRingWiki;
			sourceTree = "<group>";
		};
		7238239828A5343600B76087 /* Preview Content */ = {
			isa = PBXGroup;
			children = (
				7238239928A5343600B76087 /* Preview Assets.xcassets */,
			);
			path = "Preview Content";
			sourceTree = "<group>";
		};
		723823A228A5343700B76087 /* EldenRingWikiTests */ = {
			isa = PBXGroup;
			children = (
				723823A328A5343700B76087 /* EldenRingWikiTests.swift */,
			);
			path = EldenRingWikiTests;
			sourceTree = "<group>";
		};
		723823AC28A5343700B76087 /* EldenRingWikiUITests */ = {
			isa = PBXGroup;
			children = (
				723823AD28A5343700B76087 /* EldenRingWikiUITests.swift */,
				723823AF28A5343700B76087 /* EldenRingWikiUITestsLaunchTests.swift */,
			);
			path = EldenRingWikiUITests;
			sourceTree = "<group>";
		};
		723823C228A6685D00B76087 /* Responses */ = {
			isa = PBXGroup;
			children = (
				7238245028AEAD4700B76087 /* Common */,
				723823EC28A7D9E100B76087 /* Equipment */,
				7238242328AE6B8A00B76087 /* Items */,
				7238243728AE719900B76087 /* Magic */,
				7238245728AEAFC500B76087 /* World */,
				7238245C28AEAFFA00B76087 /* CharacterClasses */,
			);
			path = Responses;
			sourceTree = "<group>";
		};
		723823C328A6685D00B76087 /* Weapons */ = {
			isa = PBXGroup;
			children = (
				723823C628A6685D00B76087 /* Weapon.swift */,
				723823C828A6685D00B76087 /* Weapons.swift */,
				723823CA28A6685D00B76087 /* WeaponData.swift */,
			);
			path = Weapons;
			sourceTree = "<group>";
		};
		723823D028A6687000B76087 /* Networking */ = {
			isa = PBXGroup;
			children = (
				7238242C28AE6C3E00B76087 /* Common */,
				723823E128A6AD0800B76087 /* Extensions */,
				723823C228A6685D00B76087 /* Responses */,
				723823CD28A6685D00B76087 /* NetworkError.swift */,
				723823D128A6692900B76087 /* NetworkService.swift */,
				723823D328A6696800B76087 /* Endpoint.swift */,
			);
			path = Networking;
			sourceTree = "<group>";
		};
		723823D528A69EAB00B76087 /* Extensions */ = {
			isa = PBXGroup;
			children = (
				723823D628A69EC100B76087 /* String+.swift */,
			);
			path = Extensions;
			sourceTree = "<group>";
		};
		723823DA28A69F6000B76087 /* Resources */ = {
			isa = PBXGroup;
			children = (
				723823D528A69EAB00B76087 /* Extensions */,
				7238239628A5343600B76087 /* Assets.xcassets */,
				723823DB28A69F7000B76087 /* Constants.swift */,
				723823DD28A69F8100B76087 /* Localizable.strings */,
				7238249928B6358F00B76087 /* Colors.swift */,
			);
			path = Resources;
			sourceTree = "<group>";
		};
		723823E128A6AD0800B76087 /* Extensions */ = {
			isa = PBXGroup;
			children = (
				723823D828A69F1800B76087 /* HTTPURLResponse+.swift */,
			);
			path = Extensions;
			sourceTree = "<group>";
		};
		723823E928A7D99400B76087 /* Armors */ = {
			isa = PBXGroup;
			children = (
				723823FC28A7DEED00B76087 /* Armors.swift */,
				723823FE28A7DEF400B76087 /* Armor.swift */,
				7238240028A7DF0100B76087 /* ArmorData.swift */,
				7238240228A7DF7B00B76087 /* DmgNegation.swift */,
				7238240428A7DFA000B76087 /* Resistance.swift */,
			);
			path = Armors;
			sourceTree = "<group>";
		};
		723823EA28A7D99D00B76087 /* Shields */ = {
			isa = PBXGroup;
			children = (
				723823F528A7DDD300B76087 /* Shields.swift */,
				723823F728A7DDDD00B76087 /* Shield.swift */,
				723823F928A7DDE600B76087 /* ShieldData.swift */,
			);
			path = Shields;
			sourceTree = "<group>";
		};
		723823EB28A7D9AF00B76087 /* Ammos */ = {
			isa = PBXGroup;
			children = (
				723823ED28A7DC9300B76087 /* Ammos.swift */,
				723823EF28A7DCA100B76087 /* Ammo.swift */,
				723823F128A7DCE000B76087 /* AmmoData.swift */,
				723823F328A7DD4000B76087 /* AttackPower.swift */,
			);
			path = Ammos;
			sourceTree = "<group>";
		};
		723823EC28A7D9E100B76087 /* Equipment */ = {
			isa = PBXGroup;
			children = (
				723823EB28A7D9AF00B76087 /* Ammos */,
				723823EA28A7D99D00B76087 /* Shields */,
				723823E928A7D99400B76087 /* Armors */,
				723823C328A6685D00B76087 /* Weapons */,
			);
			path = Equipment;
			sourceTree = "<group>";
		};
		7238240828AA69E900B76087 /* Features */ = {
			isa = PBXGroup;
			children = (
				7238248B28B14CC700B76087 /* DetailView */,
				7238248128AFBE0900B76087 /* Map */,
				7238242228AD1BBE00B76087 /* Tabs */,
				7238241D28AD132200B76087 /* Common */,
				7238241428AD0ECB00B76087 /* ListItems */,
				7238240928AA6B5600B76087 /* Catalog */,
			);
			path = Features;
			sourceTree = "<group>";
		};
		7238240928AA6B5600B76087 /* Catalog */ = {
			isa = PBXGroup;
			children = (
				7238240A28AA6B6600B76087 /* CatalogView.swift */,
				7238240C28AA6FFC00B76087 /* CatalogViewModel.swift */,
				7238241028AAA08000B76087 /* CatalogStruct.swift */,
			);
			path = Catalog;
			sourceTree = "<group>";
		};
		7238241428AD0ECB00B76087 /* ListItems */ = {
			isa = PBXGroup;
			children = (
				7238241528AD101600B76087 /* ListItemsView.swift */,
				7238241728AD102600B76087 /* ListItemsViewModel.swift */,
				72CD729C28CD0D9F006DF6EC /* FilterType.swift */,
			);
			path = ListItems;
			sourceTree = "<group>";
		};
		7238241D28AD132200B76087 /* Common */ = {
			isa = PBXGroup;
			children = (
				7238241B28AD130300B76087 /* ListType.swift */,
				7238248F28B2636E00B76087 /* CacheAsyncImage.swift */,
			);
			path = Common;
			sourceTree = "<group>";
		};
		7238242228AD1BBE00B76087 /* Tabs */ = {
			isa = PBXGroup;
			children = (
				7238240628A9598A00B76087 /* RootView.swift */,
				7238240E28AA9AE300B76087 /* TabRouter.swift */,
			);
			path = Tabs;
			sourceTree = "<group>";
		};
		7238242328AE6B8A00B76087 /* Items */ = {
			isa = PBXGroup;
			children = (
				7238243028AE6D1400B76087 /* Talismans */,
				7238242F28AE6CF300B76087 /* Items */,
			);
			path = Items;
			sourceTree = "<group>";
		};
		7238242C28AE6C3E00B76087 /* Common */ = {
			isa = PBXGroup;
			children = (
				7238242D28AE6C7700B76087 /* ItemMappable.swift */,
			);
			path = Common;
			sourceTree = "<group>";
		};
		7238242F28AE6CF300B76087 /* Items */ = {
			isa = PBXGroup;
			children = (
				7238242428AE6BA700B76087 /* Items.swift */,
				7238242628AE6BD700B76087 /* Item.swift */,
				7238242828AE6BFE00B76087 /* ItemData.swift */,
			);
			path = Items;
			sourceTree = "<group>";
		};
		7238243028AE6D1400B76087 /* Talismans */ = {
			isa = PBXGroup;
			children = (
				7238243128AE6D1C00B76087 /* Talismans.swift */,
				7238243328AE6D2100B76087 /* Talisman.swift */,
				7238243528AE6D2A00B76087 /* TalismanData.swift */,
			);
			path = Talismans;
			sourceTree = "<group>";
		};
		7238243728AE719900B76087 /* Magic */ = {
			isa = PBXGroup;
			children = (
				7238243B28AE71F800B76087 /* Ashes */,
				7238243A28AE71F100B76087 /* Incantations */,
				7238243928AE71EA00B76087 /* Spirits */,
				7238243828AE71E300B76087 /* Sorceries */,
			);
			path = Magic;
			sourceTree = "<group>";
		};
		7238243828AE71E300B76087 /* Sorceries */ = {
			isa = PBXGroup;
			children = (
				7238244228AE737C00B76087 /* Sorceries.swift */,
				7238244428AE738500B76087 /* Sorcery.swift */,
				7238244628AE738D00B76087 /* SorceryData.swift */,
			);
			path = Sorceries;
			sourceTree = "<group>";
		};
		7238243928AE71EA00B76087 /* Spirits */ = {
			isa = PBXGroup;
			children = (
				7238244A28AEAB8D00B76087 /* Spirits.swift */,
				7238244C28AEAB9500B76087 /* Spirit.swift */,
				7238244E28AEAB9D00B76087 /* SpiritData.swift */,
			);
			path = Spirits;
			sourceTree = "<group>";
		};
		7238243A28AE71F100B76087 /* Incantations */ = {
			isa = PBXGroup;
			children = (
				7238245128AEAD7D00B76087 /* Incantations.swift */,
				7238245328AEAD8300B76087 /* Incantation.swift */,
				7238245528AEAD8A00B76087 /* IncantationData.swift */,
			);
			path = Incantations;
			sourceTree = "<group>";
		};
		7238243B28AE71F800B76087 /* Ashes */ = {
			isa = PBXGroup;
			children = (
				7238243C28AE721600B76087 /* Ashes.swift */,
				7238243E28AE722000B76087 /* Ashe.swift */,
				7238244028AE722A00B76087 /* AsheData.swift */,
			);
			path = Ashes;
			sourceTree = "<group>";
		};
		7238245028AEAD4700B76087 /* Common */ = {
			isa = PBXGroup;
			children = (
				7238244828AE745F00B76087 /* Requires.swift */,
				723823C728A6685D00B76087 /* Attack.swift */,
				723823C428A6685D00B76087 /* Defence.swift */,
				723823C528A6685D00B76087 /* RequiredAttributes.swift */,
				723823C928A6685D00B76087 /* ScalesWith.swift */,
			);
			path = Common;
			sourceTree = "<group>";
		};
		7238245728AEAFC500B76087 /* World */ = {
			isa = PBXGroup;
			children = (
				7238245B28AEAFF100B76087 /* Locations */,
				7238245A28AEAFE900B76087 /* Creatures */,
				7238245928AEAFE000B76087 /* NPCs */,
				7238245828AEAFD900B76087 /* Bosses */,
			);
			path = World;
			sourceTree = "<group>";
		};
		7238245828AEAFD900B76087 /* Bosses */ = {
			isa = PBXGroup;
			children = (
				7238246928AF80CA00B76087 /* Bosses.swift */,
				7238246B28AF80D300B76087 /* Boss.swift */,
				7238246D28AF80DC00B76087 /* BossData.swift */,
			);
			path = Bosses;
			sourceTree = "<group>";
		};
		7238245928AEAFE000B76087 /* NPCs */ = {
			isa = PBXGroup;
			children = (
				7238246F28AF854C00B76087 /* NPCs.swift */,
				7238247128AF855400B76087 /* NPC.swift */,
				7238247328AF855E00B76087 /* NPCData.swift */,
			);
			path = NPCs;
			sourceTree = "<group>";
		};
		7238245A28AEAFE900B76087 /* Creatures */ = {
			isa = PBXGroup;
			children = (
				7238247528AF86BA00B76087 /* Creatures.swift */,
				7238247728AF86C300B76087 /* Creature.swift */,
				7238247928AF86CF00B76087 /* CreatureData.swift */,
			);
			path = Creatures;
			sourceTree = "<group>";
		};
		7238245B28AEAFF100B76087 /* Locations */ = {
			isa = PBXGroup;
			children = (
				7238247B28AF884700B76087 /* Locations.swift */,
				7238247D28AF884D00B76087 /* Location.swift */,
				7238247F28AF885400B76087 /* LocationData.swift */,
			);
			path = Locations;
			sourceTree = "<group>";
		};
		7238245C28AEAFFA00B76087 /* CharacterClasses */ = {
			isa = PBXGroup;
			children = (
				7238246128AEB08100B76087 /* CharacterClasses.swift */,
				7238246328AEB08800B76087 /* CharacterClass.swift */,
				7238246528AEB09000B76087 /* CharacterClassData.swift */,
				7238246728AEB0CA00B76087 /* ClassStats.swift */,
			);
			path = CharacterClasses;
			sourceTree = "<group>";
		};
		7238248128AFBE0900B76087 /* Map */ = {
			isa = PBXGroup;
			children = (
				7238248828AFC7B200B76087 /* WebView */,
				7238248228AFBE2300B76087 /* MapView.swift */,
			);
			path = Map;
			sourceTree = "<group>";
		};
		7238248828AFC7B200B76087 /* WebView */ = {
			isa = PBXGroup;
			children = (
				7238248628AFC75500B76087 /* WebViewContainer.swift */,
				7238248928AFC7C200B76087 /* WebViewModel.swift */,
			);
			path = WebView;
			sourceTree = "<group>";
		};
		7238248B28B14CC700B76087 /* DetailView */ = {
			isa = PBXGroup;
			children = (
				727C338A28C11ECE009E015E /* DetailView.swift */,
				7261FD3028C7C6FA0073DDFA /* DetailViewModel.swift */,
			);
			path = DetailView;
			sourceTree = "<group>";
		};
		723824D728B7E48400B76087 /* Models */ = {
			isa = PBXGroup;
			children = (
				7238241928AD10A600B76087 /* ListItemsModel.swift */,
			);
			path = Models;
			sourceTree = "<group>";
		};
		7261FD2F28C7C2970073DDFA /* Repository */ = {
			isa = PBXGroup;
			children = (
				7261FD2D28C7C28A0073DDFA /* Repository.swift */,
			);
			path = Repository;
			sourceTree = "<group>";
		};
/* End PBXGroup section */

/* Begin PBXNativeTarget section */
		7238238E28A5343500B76087 /* EldenRingWiki */ = {
			isa = PBXNativeTarget;
			buildConfigurationList = 723823B328A5343700B76087 /* Build configuration list for PBXNativeTarget "EldenRingWiki" */;
			buildPhases = (
				7238238B28A5343500B76087 /* Sources */,
				7238238C28A5343500B76087 /* Frameworks */,
				7238238D28A5343500B76087 /* Resources */,
			);
			buildRules = (
			);
			dependencies = (
			);
			name = EldenRingWiki;
			productName = EldenRingWiki;
			productReference = 7238238F28A5343500B76087 /* EldenRingWiki.app */;
			productType = "com.apple.product-type.application";
		};
		7238239E28A5343700B76087 /* EldenRingWikiTests */ = {
			isa = PBXNativeTarget;
			buildConfigurationList = 723823B628A5343700B76087 /* Build configuration list for PBXNativeTarget "EldenRingWikiTests" */;
			buildPhases = (
				7238239B28A5343700B76087 /* Sources */,
				7238239C28A5343700B76087 /* Frameworks */,
				7238239D28A5343700B76087 /* Resources */,
			);
			buildRules = (
			);
			dependencies = (
				723823A128A5343700B76087 /* PBXTargetDependency */,
			);
			name = EldenRingWikiTests;
			productName = EldenRingWikiTests;
			productReference = 7238239F28A5343700B76087 /* EldenRingWikiTests.xctest */;
			productType = "com.apple.product-type.bundle.unit-test";
		};
		723823A828A5343700B76087 /* EldenRingWikiUITests */ = {
			isa = PBXNativeTarget;
			buildConfigurationList = 723823B928A5343700B76087 /* Build configuration list for PBXNativeTarget "EldenRingWikiUITests" */;
			buildPhases = (
				723823A528A5343700B76087 /* Sources */,
				723823A628A5343700B76087 /* Frameworks */,
				723823A728A5343700B76087 /* Resources */,
			);
			buildRules = (
			);
			dependencies = (
				723823AB28A5343700B76087 /* PBXTargetDependency */,
			);
			name = EldenRingWikiUITests;
			productName = EldenRingWikiUITests;
			productReference = 723823A928A5343700B76087 /* EldenRingWikiUITests.xctest */;
			productType = "com.apple.product-type.bundle.ui-testing";
		};
/* End PBXNativeTarget section */

/* Begin PBXProject section */
		7238238728A5343500B76087 /* Project object */ = {
			isa = PBXProject;
			attributes = {
				BuildIndependentTargetsInParallel = 1;
				LastSwiftUpdateCheck = 1340;
				LastUpgradeCheck = 1340;
				TargetAttributes = {
					7238238E28A5343500B76087 = {
						CreatedOnToolsVersion = 13.4.1;
					};
					7238239E28A5343700B76087 = {
						CreatedOnToolsVersion = 13.4.1;
						TestTargetID = 7238238E28A5343500B76087;
					};
					723823A828A5343700B76087 = {
						CreatedOnToolsVersion = 13.4.1;
						TestTargetID = 7238238E28A5343500B76087;
					};
				};
			};
			buildConfigurationList = 7238238A28A5343500B76087 /* Build configuration list for PBXProject "EldenRingWiki" */;
			compatibilityVersion = "Xcode 13.0";
			developmentRegion = en;
			hasScannedForEncodings = 0;
			knownRegions = (
				en,
				Base,
			);
			mainGroup = 7238238628A5343500B76087;
			productRefGroup = 7238239028A5343500B76087 /* Products */;
			projectDirPath = "";
			projectRoot = "";
			targets = (
				7238238E28A5343500B76087 /* EldenRingWiki */,
				7238239E28A5343700B76087 /* EldenRingWikiTests */,
				723823A828A5343700B76087 /* EldenRingWikiUITests */,
			);
		};
/* End PBXProject section */

/* Begin PBXResourcesBuildPhase section */
		7238238D28A5343500B76087 /* Resources */ = {
			isa = PBXResourcesBuildPhase;
			buildActionMask = 2147483647;
			files = (
				7238239A28A5343600B76087 /* Preview Assets.xcassets in Resources */,
				723823DE28A69F8100B76087 /* Localizable.strings in Resources */,
				7238239728A5343600B76087 /* Assets.xcassets in Resources */,
			);
			runOnlyForDeploymentPostprocessing = 0;
		};
		7238239D28A5343700B76087 /* Resources */ = {
			isa = PBXResourcesBuildPhase;
			buildActionMask = 2147483647;
			files = (
			);
			runOnlyForDeploymentPostprocessing = 0;
		};
		723823A728A5343700B76087 /* Resources */ = {
			isa = PBXResourcesBuildPhase;
			buildActionMask = 2147483647;
			files = (
			);
			runOnlyForDeploymentPostprocessing = 0;
		};
/* End PBXResourcesBuildPhase section */

/* Begin PBXSourcesBuildPhase section */
		7238238B28A5343500B76087 /* Sources */ = {
			isa = PBXSourcesBuildPhase;
			buildActionMask = 2147483647;
			files = (
				7238248028AF885400B76087 /* LocationData.swift in Sources */,
				7238241628AD101600B76087 /* ListItemsView.swift in Sources */,
				723823FA28A7DDE600B76087 /* ShieldData.swift in Sources */,
				7238245628AEAD8A00B76087 /* IncantationData.swift in Sources */,
				7238245228AEAD7D00B76087 /* Incantations.swift in Sources */,
				723823F628A7DDD300B76087 /* Shields.swift in Sources */,
				723823E728A6C9E800B76087 /* ScalesWith.swift in Sources */,
				723823CE28A6685D00B76087 /* NetworkError.swift in Sources */,
				7238242128AD1ACD00B76087 /* Dependencies.swift in Sources */,
				7238240728A9598A00B76087 /* RootView.swift in Sources */,
				7238240328A7DF7B00B76087 /* DmgNegation.swift in Sources */,
				7238246C28AF80D300B76087 /* Boss.swift in Sources */,
				723823EE28A7DC9300B76087 /* Ammos.swift in Sources */,
				7238247828AF86C300B76087 /* Creature.swift in Sources */,
				7238246228AEB08100B76087 /* CharacterClasses.swift in Sources */,
				7238244928AE745F00B76087 /* Requires.swift in Sources */,
				7261FD2E28C7C28A0073DDFA /* Repository.swift in Sources */,
				7238240F28AA9AE300B76087 /* TabRouter.swift in Sources */,
				7238240D28AA6FFC00B76087 /* CatalogViewModel.swift in Sources */,
				7238246E28AF80DC00B76087 /* BossData.swift in Sources */,
				723823FD28A7DEED00B76087 /* Armors.swift in Sources */,
				7238244128AE722A00B76087 /* AsheData.swift in Sources */,
				723823D928A69F1800B76087 /* HTTPURLResponse+.swift in Sources */,
				723823D228A6692900B76087 /* NetworkService.swift in Sources */,
				7238244528AE738500B76087 /* Sorcery.swift in Sources */,
				7238242728AE6BD700B76087 /* Item.swift in Sources */,
				723823E828A6C9E800B76087 /* Defence.swift in Sources */,
				7238241C28AD130300B76087 /* ListType.swift in Sources */,
				7238241128AAA08000B76087 /* CatalogStruct.swift in Sources */,
				7238239328A5343500B76087 /* EldenRingWikiApp.swift in Sources */,
				7238241828AD102600B76087 /* ListItemsViewModel.swift in Sources */,
				723823E328A6C9E800B76087 /* Weapon.swift in Sources */,
				723823D728A69EC100B76087 /* String+.swift in Sources */,
				723823E228A6C9E800B76087 /* WeaponData.swift in Sources */,
				7238243F28AE722000B76087 /* Ashe.swift in Sources */,
				7238247228AF855400B76087 /* NPC.swift in Sources */,
				723823E428A6C9E800B76087 /* RequiredAttributes.swift in Sources */,
				723823FF28A7DEF400B76087 /* Armor.swift in Sources */,
				7238243628AE6D2A00B76087 /* TalismanData.swift in Sources */,
				7238244728AE738D00B76087 /* SorceryData.swift in Sources */,
				7238249A28B6358F00B76087 /* Colors.swift in Sources */,
				7238247C28AF884700B76087 /* Locations.swift in Sources */,
				723823D428A6696800B76087 /* Endpoint.swift in Sources */,
				723823DC28A69F7000B76087 /* Constants.swift in Sources */,
				7238240528A7DFA000B76087 /* Resistance.swift in Sources */,
				7238244328AE737C00B76087 /* Sorceries.swift in Sources */,
				7238240128A7DF0100B76087 /* ArmorData.swift in Sources */,
				7238243228AE6D1C00B76087 /* Talismans.swift in Sources */,
				7238241A28AD10A600B76087 /* ListItemsModel.swift in Sources */,
				7238247A28AF86CF00B76087 /* CreatureData.swift in Sources */,
				7238242E28AE6C7700B76087 /* ItemMappable.swift in Sources */,
				7238245428AEAD8300B76087 /* Incantation.swift in Sources */,
				7238243428AE6D2100B76087 /* Talisman.swift in Sources */,
				7238246428AEB08800B76087 /* CharacterClass.swift in Sources */,
				7238242928AE6BFE00B76087 /* ItemData.swift in Sources */,
				7238240B28AA6B6600B76087 /* CatalogView.swift in Sources */,
				7238244F28AEAB9D00B76087 /* SpiritData.swift in Sources */,
				7238246828AEB0CA00B76087 /* ClassStats.swift in Sources */,
				723823E528A6C9E800B76087 /* Attack.swift in Sources */,
				723823F428A7DD4000B76087 /* AttackPower.swift in Sources */,
				727C338B28C11ECE009E015E /* DetailView.swift in Sources */,
				7238248A28AFC7C200B76087 /* WebViewModel.swift in Sources */,
				72CD729D28CD0D9F006DF6EC /* FilterType.swift in Sources */,
				7238248328AFBE2300B76087 /* MapView.swift in Sources */,
				7261FD3128C7C6FA0073DDFA /* DetailViewModel.swift in Sources */,
				7238249028B2636E00B76087 /* CacheAsyncImage.swift in Sources */,
				7238248728AFC75500B76087 /* WebViewContainer.swift in Sources */,
				7238242528AE6BA700B76087 /* Items.swift in Sources */,
				723823F228A7DCE000B76087 /* AmmoData.swift in Sources */,
				7238244D28AEAB9500B76087 /* Spirit.swift in Sources */,
				7238247E28AF884D00B76087 /* Location.swift in Sources */,
				7238247628AF86BA00B76087 /* Creatures.swift in Sources */,
				7238246628AEB09000B76087 /* CharacterClassData.swift in Sources */,
				7238247028AF854C00B76087 /* NPCs.swift in Sources */,
				7238246A28AF80CA00B76087 /* Bosses.swift in Sources */,
				723823F028A7DCA100B76087 /* Ammo.swift in Sources */,
				723823F828A7DDDD00B76087 /* Shield.swift in Sources */,
				7238243D28AE721600B76087 /* Ashes.swift in Sources */,
				7238247428AF855E00B76087 /* NPCData.swift in Sources */,
				7238244B28AEAB8D00B76087 /* Spirits.swift in Sources */,
				723823E628A6C9E800B76087 /* Weapons.swift in Sources */,
			);
			runOnlyForDeploymentPostprocessing = 0;
		};
		7238239B28A5343700B76087 /* Sources */ = {
			isa = PBXSourcesBuildPhase;
			buildActionMask = 2147483647;
			files = (
				723823A428A5343700B76087 /* EldenRingWikiTests.swift in Sources */,
			);
			runOnlyForDeploymentPostprocessing = 0;
		};
		723823A528A5343700B76087 /* Sources */ = {
			isa = PBXSourcesBuildPhase;
			buildActionMask = 2147483647;
			files = (
				723823AE28A5343700B76087 /* EldenRingWikiUITests.swift in Sources */,
				723823B028A5343700B76087 /* EldenRingWikiUITestsLaunchTests.swift in Sources */,
			);
			runOnlyForDeploymentPostprocessing = 0;
		};
/* End PBXSourcesBuildPhase section */

/* Begin PBXTargetDependency section */
		723823A128A5343700B76087 /* PBXTargetDependency */ = {
			isa = PBXTargetDependency;
			target = 7238238E28A5343500B76087 /* EldenRingWiki */;
			targetProxy = 723823A028A5343700B76087 /* PBXContainerItemProxy */;
		};
		723823AB28A5343700B76087 /* PBXTargetDependency */ = {
			isa = PBXTargetDependency;
			target = 7238238E28A5343500B76087 /* EldenRingWiki */;
			targetProxy = 723823AA28A5343700B76087 /* PBXContainerItemProxy */;
		};
/* End PBXTargetDependency section */

/* Begin XCBuildConfiguration section */
		723823B128A5343700B76087 /* Debug */ = {
			isa = XCBuildConfiguration;
			buildSettings = {
				ALWAYS_SEARCH_USER_PATHS = NO;
				CLANG_ANALYZER_NONNULL = YES;
				CLANG_ANALYZER_NUMBER_OBJECT_CONVERSION = YES_AGGRESSIVE;
				CLANG_CXX_LANGUAGE_STANDARD = "gnu++17";
				CLANG_ENABLE_MODULES = YES;
				CLANG_ENABLE_OBJC_ARC = YES;
				CLANG_ENABLE_OBJC_WEAK = YES;
				CLANG_WARN_BLOCK_CAPTURE_AUTORELEASING = YES;
				CLANG_WARN_BOOL_CONVERSION = YES;
				CLANG_WARN_COMMA = YES;
				CLANG_WARN_CONSTANT_CONVERSION = YES;
				CLANG_WARN_DEPRECATED_OBJC_IMPLEMENTATIONS = YES;
				CLANG_WARN_DIRECT_OBJC_ISA_USAGE = YES_ERROR;
				CLANG_WARN_DOCUMENTATION_COMMENTS = YES;
				CLANG_WARN_EMPTY_BODY = YES;
				CLANG_WARN_ENUM_CONVERSION = YES;
				CLANG_WARN_INFINITE_RECURSION = YES;
				CLANG_WARN_INT_CONVERSION = YES;
				CLANG_WARN_NON_LITERAL_NULL_CONVERSION = YES;
				CLANG_WARN_OBJC_IMPLICIT_RETAIN_SELF = YES;
				CLANG_WARN_OBJC_LITERAL_CONVERSION = YES;
				CLANG_WARN_OBJC_ROOT_CLASS = YES_ERROR;
				CLANG_WARN_QUOTED_INCLUDE_IN_FRAMEWORK_HEADER = YES;
				CLANG_WARN_RANGE_LOOP_ANALYSIS = YES;
				CLANG_WARN_STRICT_PROTOTYPES = YES;
				CLANG_WARN_SUSPICIOUS_MOVE = YES;
				CLANG_WARN_UNGUARDED_AVAILABILITY = YES_AGGRESSIVE;
				CLANG_WARN_UNREACHABLE_CODE = YES;
				CLANG_WARN__DUPLICATE_METHOD_MATCH = YES;
				COPY_PHASE_STRIP = NO;
				DEBUG_INFORMATION_FORMAT = dwarf;
				ENABLE_STRICT_OBJC_MSGSEND = YES;
				ENABLE_TESTABILITY = YES;
				GCC_C_LANGUAGE_STANDARD = gnu11;
				GCC_DYNAMIC_NO_PIC = NO;
				GCC_NO_COMMON_BLOCKS = YES;
				GCC_OPTIMIZATION_LEVEL = 0;
				GCC_PREPROCESSOR_DEFINITIONS = (
					"DEBUG=1",
					"$(inherited)",
				);
				GCC_WARN_64_TO_32_BIT_CONVERSION = YES;
				GCC_WARN_ABOUT_RETURN_TYPE = YES_ERROR;
				GCC_WARN_UNDECLARED_SELECTOR = YES;
				GCC_WARN_UNINITIALIZED_AUTOS = YES_AGGRESSIVE;
				GCC_WARN_UNUSED_FUNCTION = YES;
				GCC_WARN_UNUSED_VARIABLE = YES;
				IPHONEOS_DEPLOYMENT_TARGET = 15.5;
				MTL_ENABLE_DEBUG_INFO = INCLUDE_SOURCE;
				MTL_FAST_MATH = YES;
				ONLY_ACTIVE_ARCH = YES;
				SDKROOT = iphoneos;
				SWIFT_ACTIVE_COMPILATION_CONDITIONS = DEBUG;
				SWIFT_OPTIMIZATION_LEVEL = "-Onone";
			};
			name = Debug;
		};
		723823B228A5343700B76087 /* Release */ = {
			isa = XCBuildConfiguration;
			buildSettings = {
				ALWAYS_SEARCH_USER_PATHS = NO;
				CLANG_ANALYZER_NONNULL = YES;
				CLANG_ANALYZER_NUMBER_OBJECT_CONVERSION = YES_AGGRESSIVE;
				CLANG_CXX_LANGUAGE_STANDARD = "gnu++17";
				CLANG_ENABLE_MODULES = YES;
				CLANG_ENABLE_OBJC_ARC = YES;
				CLANG_ENABLE_OBJC_WEAK = YES;
				CLANG_WARN_BLOCK_CAPTURE_AUTORELEASING = YES;
				CLANG_WARN_BOOL_CONVERSION = YES;
				CLANG_WARN_COMMA = YES;
				CLANG_WARN_CONSTANT_CONVERSION = YES;
				CLANG_WARN_DEPRECATED_OBJC_IMPLEMENTATIONS = YES;
				CLANG_WARN_DIRECT_OBJC_ISA_USAGE = YES_ERROR;
				CLANG_WARN_DOCUMENTATION_COMMENTS = YES;
				CLANG_WARN_EMPTY_BODY = YES;
				CLANG_WARN_ENUM_CONVERSION = YES;
				CLANG_WARN_INFINITE_RECURSION = YES;
				CLANG_WARN_INT_CONVERSION = YES;
				CLANG_WARN_NON_LITERAL_NULL_CONVERSION = YES;
				CLANG_WARN_OBJC_IMPLICIT_RETAIN_SELF = YES;
				CLANG_WARN_OBJC_LITERAL_CONVERSION = YES;
				CLANG_WARN_OBJC_ROOT_CLASS = YES_ERROR;
				CLANG_WARN_QUOTED_INCLUDE_IN_FRAMEWORK_HEADER = YES;
				CLANG_WARN_RANGE_LOOP_ANALYSIS = YES;
				CLANG_WARN_STRICT_PROTOTYPES = YES;
				CLANG_WARN_SUSPICIOUS_MOVE = YES;
				CLANG_WARN_UNGUARDED_AVAILABILITY = YES_AGGRESSIVE;
				CLANG_WARN_UNREACHABLE_CODE = YES;
				CLANG_WARN__DUPLICATE_METHOD_MATCH = YES;
				COPY_PHASE_STRIP = NO;
				DEBUG_INFORMATION_FORMAT = "dwarf-with-dsym";
				ENABLE_NS_ASSERTIONS = NO;
				ENABLE_STRICT_OBJC_MSGSEND = YES;
				GCC_C_LANGUAGE_STANDARD = gnu11;
				GCC_NO_COMMON_BLOCKS = YES;
				GCC_WARN_64_TO_32_BIT_CONVERSION = YES;
				GCC_WARN_ABOUT_RETURN_TYPE = YES_ERROR;
				GCC_WARN_UNDECLARED_SELECTOR = YES;
				GCC_WARN_UNINITIALIZED_AUTOS = YES_AGGRESSIVE;
				GCC_WARN_UNUSED_FUNCTION = YES;
				GCC_WARN_UNUSED_VARIABLE = YES;
				IPHONEOS_DEPLOYMENT_TARGET = 15.5;
				MTL_ENABLE_DEBUG_INFO = NO;
				MTL_FAST_MATH = YES;
				SDKROOT = iphoneos;
				SWIFT_COMPILATION_MODE = wholemodule;
				SWIFT_OPTIMIZATION_LEVEL = "-O";
				VALIDATE_PRODUCT = YES;
			};
			name = Release;
		};
		723823B428A5343700B76087 /* Debug */ = {
			isa = XCBuildConfiguration;
			buildSettings = {
				ASSETCATALOG_COMPILER_APPICON_NAME = AppIcon;
				ASSETCATALOG_COMPILER_GLOBAL_ACCENT_COLOR_NAME = AccentColor;
				CODE_SIGN_STYLE = Automatic;
				CURRENT_PROJECT_VERSION = 1;
				DEVELOPMENT_ASSET_PATHS = "\"EldenRingWiki/Preview Content\"";
				DEVELOPMENT_TEAM = 4AW3ZWSN4J;
				ENABLE_PREVIEWS = YES;
				GENERATE_INFOPLIST_FILE = YES;
				INFOPLIST_FILE = EldenRingWiki/Info.plist;
				INFOPLIST_KEY_CFBundleDisplayName = "Elden Wiki";
				INFOPLIST_KEY_UIApplicationSceneManifest_Generation = YES;
				INFOPLIST_KEY_UIApplicationSupportsIndirectInputEvents = YES;
				INFOPLIST_KEY_UILaunchScreen_Generation = YES;
				INFOPLIST_KEY_UISupportedInterfaceOrientations = UIInterfaceOrientationPortrait;
				INFOPLIST_KEY_UISupportedInterfaceOrientations_iPad = "UIInterfaceOrientationLandscapeLeft UIInterfaceOrientationLandscapeRight UIInterfaceOrientationPortrait UIInterfaceOrientationPortraitUpsideDown";
				LD_RUNPATH_SEARCH_PATHS = (
					"$(inherited)",
					"@executable_path/Frameworks",
				);
				MARKETING_VERSION = 1.0;
				PRODUCT_BUNDLE_IDENTIFIER = dmitryshliugaev.EldenRingWiki;
				PRODUCT_NAME = "$(TARGET_NAME)";
				SWIFT_EMIT_LOC_STRINGS = YES;
				SWIFT_VERSION = 5.0;
				TARGETED_DEVICE_FAMILY = "1,2";
			};
			name = Debug;
		};
		723823B528A5343700B76087 /* Release */ = {
			isa = XCBuildConfiguration;
			buildSettings = {
				ASSETCATALOG_COMPILER_APPICON_NAME = AppIcon;
				ASSETCATALOG_COMPILER_GLOBAL_ACCENT_COLOR_NAME = AccentColor;
				CODE_SIGN_STYLE = Automatic;
				CURRENT_PROJECT_VERSION = 1;
				DEVELOPMENT_ASSET_PATHS = "\"EldenRingWiki/Preview Content\"";
				DEVELOPMENT_TEAM = 4AW3ZWSN4J;
				ENABLE_PREVIEWS = YES;
				GENERATE_INFOPLIST_FILE = YES;
				INFOPLIST_FILE = EldenRingWiki/Info.plist;
				INFOPLIST_KEY_CFBundleDisplayName = "Elden Wiki";
				INFOPLIST_KEY_UIApplicationSceneManifest_Generation = YES;
				INFOPLIST_KEY_UIApplicationSupportsIndirectInputEvents = YES;
				INFOPLIST_KEY_UILaunchScreen_Generation = YES;
				INFOPLIST_KEY_UISupportedInterfaceOrientations = UIInterfaceOrientationPortrait;
				INFOPLIST_KEY_UISupportedInterfaceOrientations_iPad = "UIInterfaceOrientationLandscapeLeft UIInterfaceOrientationLandscapeRight UIInterfaceOrientationPortrait UIInterfaceOrientationPortraitUpsideDown";
				LD_RUNPATH_SEARCH_PATHS = (
					"$(inherited)",
					"@executable_path/Frameworks",
				);
				MARKETING_VERSION = 1.0;
				PRODUCT_BUNDLE_IDENTIFIER = dmitryshliugaev.EldenRingWiki;
				PRODUCT_NAME = "$(TARGET_NAME)";
				SWIFT_EMIT_LOC_STRINGS = YES;
				SWIFT_VERSION = 5.0;
				TARGETED_DEVICE_FAMILY = "1,2";
			};
			name = Release;
		};
		723823B728A5343700B76087 /* Debug */ = {
			isa = XCBuildConfiguration;
			buildSettings = {
				ALWAYS_EMBED_SWIFT_STANDARD_LIBRARIES = YES;
				BUNDLE_LOADER = "$(TEST_HOST)";
				CODE_SIGN_STYLE = Automatic;
				CURRENT_PROJECT_VERSION = 1;
				DEVELOPMENT_TEAM = 4AW3ZWSN4J;
				GENERATE_INFOPLIST_FILE = YES;
				IPHONEOS_DEPLOYMENT_TARGET = 15.5;
				MARKETING_VERSION = 1.0;
				PRODUCT_BUNDLE_IDENTIFIER = dmitryshliugaev.EldenRingWikiTests;
				PRODUCT_NAME = "$(TARGET_NAME)";
				SWIFT_EMIT_LOC_STRINGS = NO;
				SWIFT_VERSION = 5.0;
				TARGETED_DEVICE_FAMILY = "1,2";
				TEST_HOST = "$(BUILT_PRODUCTS_DIR)/EldenRingWiki.app/EldenRingWiki";
			};
			name = Debug;
		};
		723823B828A5343700B76087 /* Release */ = {
			isa = XCBuildConfiguration;
			buildSettings = {
				ALWAYS_EMBED_SWIFT_STANDARD_LIBRARIES = YES;
				BUNDLE_LOADER = "$(TEST_HOST)";
				CODE_SIGN_STYLE = Automatic;
				CURRENT_PROJECT_VERSION = 1;
				DEVELOPMENT_TEAM = 4AW3ZWSN4J;
				GENERATE_INFOPLIST_FILE = YES;
				IPHONEOS_DEPLOYMENT_TARGET = 15.5;
				MARKETING_VERSION = 1.0;
				PRODUCT_BUNDLE_IDENTIFIER = dmitryshliugaev.EldenRingWikiTests;
				PRODUCT_NAME = "$(TARGET_NAME)";
				SWIFT_EMIT_LOC_STRINGS = NO;
				SWIFT_VERSION = 5.0;
				TARGETED_DEVICE_FAMILY = "1,2";
				TEST_HOST = "$(BUILT_PRODUCTS_DIR)/EldenRingWiki.app/EldenRingWiki";
			};
			name = Release;
		};
		723823BA28A5343700B76087 /* Debug */ = {
			isa = XCBuildConfiguration;
			buildSettings = {
				ALWAYS_EMBED_SWIFT_STANDARD_LIBRARIES = YES;
				CODE_SIGN_STYLE = Automatic;
				CURRENT_PROJECT_VERSION = 1;
				DEVELOPMENT_TEAM = 4AW3ZWSN4J;
				GENERATE_INFOPLIST_FILE = YES;
				MARKETING_VERSION = 1.0;
				PRODUCT_BUNDLE_IDENTIFIER = dmitryshliugaev.EldenRingWikiUITests;
				PRODUCT_NAME = "$(TARGET_NAME)";
				SWIFT_EMIT_LOC_STRINGS = NO;
				SWIFT_VERSION = 5.0;
				TARGETED_DEVICE_FAMILY = "1,2";
				TEST_TARGET_NAME = EldenRingWiki;
			};
			name = Debug;
		};
		723823BB28A5343700B76087 /* Release */ = {
			isa = XCBuildConfiguration;
			buildSettings = {
				ALWAYS_EMBED_SWIFT_STANDARD_LIBRARIES = YES;
				CODE_SIGN_STYLE = Automatic;
				CURRENT_PROJECT_VERSION = 1;
				DEVELOPMENT_TEAM = 4AW3ZWSN4J;
				GENERATE_INFOPLIST_FILE = YES;
				MARKETING_VERSION = 1.0;
				PRODUCT_BUNDLE_IDENTIFIER = dmitryshliugaev.EldenRingWikiUITests;
				PRODUCT_NAME = "$(TARGET_NAME)";
				SWIFT_EMIT_LOC_STRINGS = NO;
				SWIFT_VERSION = 5.0;
				TARGETED_DEVICE_FAMILY = "1,2";
				TEST_TARGET_NAME = EldenRingWiki;
			};
			name = Release;
		};
/* End XCBuildConfiguration section */

/* Begin XCConfigurationList section */
		7238238A28A5343500B76087 /* Build configuration list for PBXProject "EldenRingWiki" */ = {
			isa = XCConfigurationList;
			buildConfigurations = (
				723823B128A5343700B76087 /* Debug */,
				723823B228A5343700B76087 /* Release */,
			);
			defaultConfigurationIsVisible = 0;
			defaultConfigurationName = Release;
		};
		723823B328A5343700B76087 /* Build configuration list for PBXNativeTarget "EldenRingWiki" */ = {
			isa = XCConfigurationList;
			buildConfigurations = (
				723823B428A5343700B76087 /* Debug */,
				723823B528A5343700B76087 /* Release */,
			);
			defaultConfigurationIsVisible = 0;
			defaultConfigurationName = Release;
		};
		723823B628A5343700B76087 /* Build configuration list for PBXNativeTarget "EldenRingWikiTests" */ = {
			isa = XCConfigurationList;
			buildConfigurations = (
				723823B728A5343700B76087 /* Debug */,
				723823B828A5343700B76087 /* Release */,
			);
			defaultConfigurationIsVisible = 0;
			defaultConfigurationName = Release;
		};
		723823B928A5343700B76087 /* Build configuration list for PBXNativeTarget "EldenRingWikiUITests" */ = {
			isa = XCConfigurationList;
			buildConfigurations = (
				723823BA28A5343700B76087 /* Debug */,
				723823BB28A5343700B76087 /* Release */,
			);
			defaultConfigurationIsVisible = 0;
			defaultConfigurationName = Release;
		};
/* End XCConfigurationList section */
	};
	rootObject = 7238238728A5343500B76087 /* Project object */;
}
