// !$*UTF8*$!
{
	archiveVersion = 1;
	classes = {
	};
	objectVersion = 55;
	objects = {

/* Begin PBXBuildFile section */
		7238239328A5343500B76087 /* EldenRingWikiApp.swift in Sources */ = {isa = PBXBuildFile; fileRef = 7238239228A5343500B76087 /* EldenRingWikiApp.swift */; };
		7238239528A5343500B76087 /* ContentView.swift in Sources */ = {isa = PBXBuildFile; fileRef = 7238239428A5343500B76087 /* ContentView.swift */; };
		7238239728A5343600B76087 /* Assets.xcassets in Resources */ = {isa = PBXBuildFile; fileRef = 7238239628A5343600B76087 /* Assets.xcassets */; };
		7238239A28A5343600B76087 /* Preview Assets.xcassets in Resources */ = {isa = PBXBuildFile; fileRef = 7238239928A5343600B76087 /* Preview Assets.xcassets */; };
		723823A428A5343700B76087 /* EldenRingWikiTests.swift in Sources */ = {isa = PBXBuildFile; fileRef = 723823A328A5343700B76087 /* EldenRingWikiTests.swift */; };
		723823AE28A5343700B76087 /* EldenRingWikiUITests.swift in Sources */ = {isa = PBXBuildFile; fileRef = 723823AD28A5343700B76087 /* EldenRingWikiUITests.swift */; };
		723823B028A5343700B76087 /* EldenRingWikiUITestsLaunchTests.swift in Sources */ = {isa = PBXBuildFile; fileRef = 723823AF28A5343700B76087 /* EldenRingWikiUITestsLaunchTests.swift */; };
		723823CE28A6685D00B76087 /* NetworkError.swift in Sources */ = {isa = PBXBuildFile; fileRef = 723823CD28A6685D00B76087 /* NetworkError.swift */; };
		723823D228A6692900B76087 /* NetworkService.swift in Sources */ = {isa = PBXBuildFile; fileRef = 723823D128A6692900B76087 /* NetworkService.swift */; };
		723823D428A6696800B76087 /* Endpoint.swift in Sources */ = {isa = PBXBuildFile; fileRef = 723823D328A6696800B76087 /* Endpoint.swift */; };
		723823D728A69EC100B76087 /* String+.swift in Sources */ = {isa = PBXBuildFile; fileRef = 723823D628A69EC100B76087 /* String+.swift */; };
		723823D928A69F1800B76087 /* HTTPURLResponse+.swift in Sources */ = {isa = PBXBuildFile; fileRef = 723823D828A69F1800B76087 /* HTTPURLResponse+.swift */; };
		723823DC28A69F7000B76087 /* Constants.swift in Sources */ = {isa = PBXBuildFile; fileRef = 723823DB28A69F7000B76087 /* Constants.swift */; };
		723823DE28A69F8100B76087 /* Localizable.strings in Resources */ = {isa = PBXBuildFile; fileRef = 723823DD28A69F8100B76087 /* Localizable.strings */; };
		723823E228A6C9E800B76087 /* WeaponsData.swift in Sources */ = {isa = PBXBuildFile; fileRef = 723823CA28A6685D00B76087 /* WeaponsData.swift */; };
		723823E328A6C9E800B76087 /* Weapon.swift in Sources */ = {isa = PBXBuildFile; fileRef = 723823C628A6685D00B76087 /* Weapon.swift */; };
		723823E428A6C9E800B76087 /* RequiredAttributes.swift in Sources */ = {isa = PBXBuildFile; fileRef = 723823C528A6685D00B76087 /* RequiredAttributes.swift */; };
		723823E528A6C9E800B76087 /* Attack.swift in Sources */ = {isa = PBXBuildFile; fileRef = 723823C728A6685D00B76087 /* Attack.swift */; };
		723823E628A6C9E800B76087 /* Weapons.swift in Sources */ = {isa = PBXBuildFile; fileRef = 723823C828A6685D00B76087 /* Weapons.swift */; };
		723823E728A6C9E800B76087 /* ScalesWith.swift in Sources */ = {isa = PBXBuildFile; fileRef = 723823C928A6685D00B76087 /* ScalesWith.swift */; };
		723823E828A6C9E800B76087 /* Defence.swift in Sources */ = {isa = PBXBuildFile; fileRef = 723823C428A6685D00B76087 /* Defence.swift */; };
		723823EE28A7DC9300B76087 /* Ammos.swift in Sources */ = {isa = PBXBuildFile; fileRef = 723823ED28A7DC9300B76087 /* Ammos.swift */; };
		723823F028A7DCA100B76087 /* Ammo.swift in Sources */ = {isa = PBXBuildFile; fileRef = 723823EF28A7DCA100B76087 /* Ammo.swift */; };
		723823F228A7DCE000B76087 /* AmmoData.swift in Sources */ = {isa = PBXBuildFile; fileRef = 723823F128A7DCE000B76087 /* AmmoData.swift */; };
		723823F428A7DD4000B76087 /* AttackPower.swift in Sources */ = {isa = PBXBuildFile; fileRef = 723823F328A7DD4000B76087 /* AttackPower.swift */; };
		723823F628A7DDD300B76087 /* Shields.swift in Sources */ = {isa = PBXBuildFile; fileRef = 723823F528A7DDD300B76087 /* Shields.swift */; };
		723823F828A7DDDD00B76087 /* Shield.swift in Sources */ = {isa = PBXBuildFile; fileRef = 723823F728A7DDDD00B76087 /* Shield.swift */; };
		723823FA28A7DDE600B76087 /* ShieldData.swift in Sources */ = {isa = PBXBuildFile; fileRef = 723823F928A7DDE600B76087 /* ShieldData.swift */; };
		723823FD28A7DEED00B76087 /* Armors.swift in Sources */ = {isa = PBXBuildFile; fileRef = 723823FC28A7DEED00B76087 /* Armors.swift */; };
		723823FF28A7DEF400B76087 /* Armor.swift in Sources */ = {isa = PBXBuildFile; fileRef = 723823FE28A7DEF400B76087 /* Armor.swift */; };
		7238240128A7DF0100B76087 /* ArmorData.swift in Sources */ = {isa = PBXBuildFile; fileRef = 7238240028A7DF0100B76087 /* ArmorData.swift */; };
		7238240328A7DF7B00B76087 /* DmgNegation.swift in Sources */ = {isa = PBXBuildFile; fileRef = 7238240228A7DF7B00B76087 /* DmgNegation.swift */; };
		7238240528A7DFA000B76087 /* Resistance.swift in Sources */ = {isa = PBXBuildFile; fileRef = 7238240428A7DFA000B76087 /* Resistance.swift */; };
/* End PBXBuildFile section */

/* Begin PBXContainerItemProxy section */
		723823A028A5343700B76087 /* PBXContainerItemProxy */ = {
			isa = PBXContainerItemProxy;
			containerPortal = 7238238728A5343500B76087 /* Project object */;
			proxyType = 1;
			remoteGlobalIDString = 7238238E28A5343500B76087;
			remoteInfo = EldenRingWiki;
		};
		723823AA28A5343700B76087 /* PBXContainerItemProxy */ = {
			isa = PBXContainerItemProxy;
			containerPortal = 7238238728A5343500B76087 /* Project object */;
			proxyType = 1;
			remoteGlobalIDString = 7238238E28A5343500B76087;
			remoteInfo = EldenRingWiki;
		};
/* End PBXContainerItemProxy section */

/* Begin PBXFileReference section */
		7238238F28A5343500B76087 /* EldenRingWiki.app */ = {isa = PBXFileReference; explicitFileType = wrapper.application; includeInIndex = 0; path = EldenRingWiki.app; sourceTree = BUILT_PRODUCTS_DIR; };
		7238239228A5343500B76087 /* EldenRingWikiApp.swift */ = {isa = PBXFileReference; lastKnownFileType = sourcecode.swift; path = EldenRingWikiApp.swift; sourceTree = "<group>"; };
		7238239428A5343500B76087 /* ContentView.swift */ = {isa = PBXFileReference; lastKnownFileType = sourcecode.swift; path = ContentView.swift; sourceTree = "<group>"; };
		7238239628A5343600B76087 /* Assets.xcassets */ = {isa = PBXFileReference; lastKnownFileType = folder.assetcatalog; path = Assets.xcassets; sourceTree = "<group>"; };
		7238239928A5343600B76087 /* Preview Assets.xcassets */ = {isa = PBXFileReference; lastKnownFileType = folder.assetcatalog; path = "Preview Assets.xcassets"; sourceTree = "<group>"; };
		7238239F28A5343700B76087 /* EldenRingWikiTests.xctest */ = {isa = PBXFileReference; explicitFileType = wrapper.cfbundle; includeInIndex = 0; path = EldenRingWikiTests.xctest; sourceTree = BUILT_PRODUCTS_DIR; };
		723823A328A5343700B76087 /* EldenRingWikiTests.swift */ = {isa = PBXFileReference; lastKnownFileType = sourcecode.swift; path = EldenRingWikiTests.swift; sourceTree = "<group>"; };
		723823A928A5343700B76087 /* EldenRingWikiUITests.xctest */ = {isa = PBXFileReference; explicitFileType = wrapper.cfbundle; includeInIndex = 0; path = EldenRingWikiUITests.xctest; sourceTree = BUILT_PRODUCTS_DIR; };
		723823AD28A5343700B76087 /* EldenRingWikiUITests.swift */ = {isa = PBXFileReference; lastKnownFileType = sourcecode.swift; path = EldenRingWikiUITests.swift; sourceTree = "<group>"; };
		723823AF28A5343700B76087 /* EldenRingWikiUITestsLaunchTests.swift */ = {isa = PBXFileReference; lastKnownFileType = sourcecode.swift; path = EldenRingWikiUITestsLaunchTests.swift; sourceTree = "<group>"; };
		723823C428A6685D00B76087 /* Defence.swift */ = {isa = PBXFileReference; lastKnownFileType = sourcecode.swift; path = Defence.swift; sourceTree = "<group>"; };
		723823C528A6685D00B76087 /* RequiredAttributes.swift */ = {isa = PBXFileReference; lastKnownFileType = sourcecode.swift; path = RequiredAttributes.swift; sourceTree = "<group>"; };
		723823C628A6685D00B76087 /* Weapon.swift */ = {isa = PBXFileReference; lastKnownFileType = sourcecode.swift; path = Weapon.swift; sourceTree = "<group>"; };
		723823C728A6685D00B76087 /* Attack.swift */ = {isa = PBXFileReference; lastKnownFileType = sourcecode.swift; path = Attack.swift; sourceTree = "<group>"; };
		723823C828A6685D00B76087 /* Weapons.swift */ = {isa = PBXFileReference; lastKnownFileType = sourcecode.swift; path = Weapons.swift; sourceTree = "<group>"; };
		723823C928A6685D00B76087 /* ScalesWith.swift */ = {isa = PBXFileReference; lastKnownFileType = sourcecode.swift; path = ScalesWith.swift; sourceTree = "<group>"; };
		723823CA28A6685D00B76087 /* WeaponsData.swift */ = {isa = PBXFileReference; lastKnownFileType = sourcecode.swift; path = WeaponsData.swift; sourceTree = "<group>"; };
		723823CD28A6685D00B76087 /* NetworkError.swift */ = {isa = PBXFileReference; lastKnownFileType = sourcecode.swift; path = NetworkError.swift; sourceTree = "<group>"; };
		723823D128A6692900B76087 /* NetworkService.swift */ = {isa = PBXFileReference; lastKnownFileType = sourcecode.swift; path = NetworkService.swift; sourceTree = "<group>"; };
		723823D328A6696800B76087 /* Endpoint.swift */ = {isa = PBXFileReference; lastKnownFileType = sourcecode.swift; path = Endpoint.swift; sourceTree = "<group>"; };
		723823D628A69EC100B76087 /* String+.swift */ = {isa = PBXFileReference; lastKnownFileType = sourcecode.swift; path = "String+.swift"; sourceTree = "<group>"; };
		723823D828A69F1800B76087 /* HTTPURLResponse+.swift */ = {isa = PBXFileReference; lastKnownFileType = sourcecode.swift; path = "HTTPURLResponse+.swift"; sourceTree = "<group>"; };
		723823DB28A69F7000B76087 /* Constants.swift */ = {isa = PBXFileReference; lastKnownFileType = sourcecode.swift; path = Constants.swift; sourceTree = "<group>"; };
		723823DD28A69F8100B76087 /* Localizable.strings */ = {isa = PBXFileReference; lastKnownFileType = text.plist.strings; path = Localizable.strings; sourceTree = "<group>"; };
		723823ED28A7DC9300B76087 /* Ammos.swift */ = {isa = PBXFileReference; lastKnownFileType = sourcecode.swift; path = Ammos.swift; sourceTree = "<group>"; };
		723823EF28A7DCA100B76087 /* Ammo.swift */ = {isa = PBXFileReference; lastKnownFileType = sourcecode.swift; path = Ammo.swift; sourceTree = "<group>"; };
		723823F128A7DCE000B76087 /* AmmoData.swift */ = {isa = PBXFileReference; lastKnownFileType = sourcecode.swift; path = AmmoData.swift; sourceTree = "<group>"; };
		723823F328A7DD4000B76087 /* AttackPower.swift */ = {isa = PBXFileReference; lastKnownFileType = sourcecode.swift; path = AttackPower.swift; sourceTree = "<group>"; };
		723823F528A7DDD300B76087 /* Shields.swift */ = {isa = PBXFileReference; lastKnownFileType = sourcecode.swift; path = Shields.swift; sourceTree = "<group>"; };
		723823F728A7DDDD00B76087 /* Shield.swift */ = {isa = PBXFileReference; lastKnownFileType = sourcecode.swift; path = Shield.swift; sourceTree = "<group>"; };
		723823F928A7DDE600B76087 /* ShieldData.swift */ = {isa = PBXFileReference; lastKnownFileType = sourcecode.swift; path = ShieldData.swift; sourceTree = "<group>"; };
		723823FC28A7DEED00B76087 /* Armors.swift */ = {isa = PBXFileReference; lastKnownFileType = sourcecode.swift; path = Armors.swift; sourceTree = "<group>"; };
		723823FE28A7DEF400B76087 /* Armor.swift */ = {isa = PBXFileReference; lastKnownFileType = sourcecode.swift; path = Armor.swift; sourceTree = "<group>"; };
		7238240028A7DF0100B76087 /* ArmorData.swift */ = {isa = PBXFileReference; lastKnownFileType = sourcecode.swift; path = ArmorData.swift; sourceTree = "<group>"; };
		7238240228A7DF7B00B76087 /* DmgNegation.swift */ = {isa = PBXFileReference; lastKnownFileType = sourcecode.swift; path = DmgNegation.swift; sourceTree = "<group>"; };
		7238240428A7DFA000B76087 /* Resistance.swift */ = {isa = PBXFileReference; lastKnownFileType = sourcecode.swift; path = Resistance.swift; sourceTree = "<group>"; };
/* End PBXFileReference section */

/* Begin PBXFrameworksBuildPhase section */
		7238238C28A5343500B76087 /* Frameworks */ = {
			isa = PBXFrameworksBuildPhase;
			buildActionMask = 2147483647;
			files = (
			);
			runOnlyForDeploymentPostprocessing = 0;
		};
		7238239C28A5343700B76087 /* Frameworks */ = {
			isa = PBXFrameworksBuildPhase;
			buildActionMask = 2147483647;
			files = (
			);
			runOnlyForDeploymentPostprocessing = 0;
		};
		723823A628A5343700B76087 /* Frameworks */ = {
			isa = PBXFrameworksBuildPhase;
			buildActionMask = 2147483647;
			files = (
			);
			runOnlyForDeploymentPostprocessing = 0;
		};
/* End PBXFrameworksBuildPhase section */

/* Begin PBXGroup section */
		7238238628A5343500B76087 = {
			isa = PBXGroup;
			children = (
				7238239128A5343500B76087 /* EldenRingWiki */,
				723823A228A5343700B76087 /* EldenRingWikiTests */,
				723823AC28A5343700B76087 /* EldenRingWikiUITests */,
				7238239028A5343500B76087 /* Products */,
			);
			sourceTree = "<group>";
		};
		7238239028A5343500B76087 /* Products */ = {
			isa = PBXGroup;
			children = (
				7238238F28A5343500B76087 /* EldenRingWiki.app */,
				7238239F28A5343700B76087 /* EldenRingWikiTests.xctest */,
				723823A928A5343700B76087 /* EldenRingWikiUITests.xctest */,
			);
			name = Products;
			sourceTree = "<group>";
		};
		7238239128A5343500B76087 /* EldenRingWiki */ = {
			isa = PBXGroup;
			children = (
				723823DA28A69F6000B76087 /* Resources */,
				723823D028A6687000B76087 /* Networking */,
				7238239228A5343500B76087 /* EldenRingWikiApp.swift */,
				7238239428A5343500B76087 /* ContentView.swift */,
				7238239828A5343600B76087 /* Preview Content */,
			);
			path = EldenRingWiki;
			sourceTree = "<group>";
		};
		7238239828A5343600B76087 /* Preview Content */ = {
			isa = PBXGroup;
			children = (
				7238239928A5343600B76087 /* Preview Assets.xcassets */,
			);
			path = "Preview Content";
			sourceTree = "<group>";
		};
		723823A228A5343700B76087 /* EldenRingWikiTests */ = {
			isa = PBXGroup;
			children = (
				723823A328A5343700B76087 /* EldenRingWikiTests.swift */,
			);
			path = EldenRingWikiTests;
			sourceTree = "<group>";
		};
		723823AC28A5343700B76087 /* EldenRingWikiUITests */ = {
			isa = PBXGroup;
			children = (
				723823AD28A5343700B76087 /* EldenRingWikiUITests.swift */,
				723823AF28A5343700B76087 /* EldenRingWikiUITestsLaunchTests.swift */,
			);
			path = EldenRingWikiUITests;
			sourceTree = "<group>";
		};
		723823C228A6685D00B76087 /* Responses */ = {
			isa = PBXGroup;
			children = (
				723823EC28A7D9E100B76087 /* Equipment */,
			);
			path = Responses;
			sourceTree = "<group>";
		};
		723823C328A6685D00B76087 /* Weapons */ = {
			isa = PBXGroup;
			children = (
				723823C628A6685D00B76087 /* Weapon.swift */,
				723823C828A6685D00B76087 /* Weapons.swift */,
				723823CA28A6685D00B76087 /* WeaponsData.swift */,
			);
			path = Weapons;
			sourceTree = "<group>";
		};
		723823D028A6687000B76087 /* Networking */ = {
			isa = PBXGroup;
			children = (
				723823E128A6AD0800B76087 /* Extensions */,
				723823C228A6685D00B76087 /* Responses */,
				723823CD28A6685D00B76087 /* NetworkError.swift */,
				723823D128A6692900B76087 /* NetworkService.swift */,
				723823D328A6696800B76087 /* Endpoint.swift */,
			);
			path = Networking;
			sourceTree = "<group>";
		};
		723823D528A69EAB00B76087 /* Extensions */ = {
			isa = PBXGroup;
			children = (
				723823D628A69EC100B76087 /* String+.swift */,
			);
			path = Extensions;
			sourceTree = "<group>";
		};
		723823DA28A69F6000B76087 /* Resources */ = {
			isa = PBXGroup;
			children = (
				723823D528A69EAB00B76087 /* Extensions */,
				7238239628A5343600B76087 /* Assets.xcassets */,
				723823DB28A69F7000B76087 /* Constants.swift */,
				723823DD28A69F8100B76087 /* Localizable.strings */,
			);
			path = Resources;
			sourceTree = "<group>";
		};
		723823E128A6AD0800B76087 /* Extensions */ = {
			isa = PBXGroup;
			children = (
				723823D828A69F1800B76087 /* HTTPURLResponse+.swift */,
			);
			path = Extensions;
			sourceTree = "<group>";
		};
		723823E928A7D99400B76087 /* Armors */ = {
			isa = PBXGroup;
			children = (
				723823FC28A7DEED00B76087 /* Armors.swift */,
				723823FE28A7DEF400B76087 /* Armor.swift */,
				7238240028A7DF0100B76087 /* ArmorData.swift */,
				7238240228A7DF7B00B76087 /* DmgNegation.swift */,
				7238240428A7DFA000B76087 /* Resistance.swift */,
			);
			path = Armors;
			sourceTree = "<group>";
		};
		723823EA28A7D99D00B76087 /* Shields */ = {
			isa = PBXGroup;
			children = (
				723823F528A7DDD300B76087 /* Shields.swift */,
				723823F728A7DDDD00B76087 /* Shield.swift */,
				723823F928A7DDE600B76087 /* ShieldData.swift */,
			);
			path = Shields;
			sourceTree = "<group>";
		};
		723823EB28A7D9AF00B76087 /* Ammos */ = {
			isa = PBXGroup;
			children = (
				723823ED28A7DC9300B76087 /* Ammos.swift */,
				723823EF28A7DCA100B76087 /* Ammo.swift */,
				723823F128A7DCE000B76087 /* AmmoData.swift */,
				723823F328A7DD4000B76087 /* AttackPower.swift */,
			);
			path = Ammos;
			sourceTree = "<group>";
		};
		723823EC28A7D9E100B76087 /* Equipment */ = {
			isa = PBXGroup;
			children = (
				723823FB28A7DE8500B76087 /* Common */,
				723823EB28A7D9AF00B76087 /* Ammos */,
				723823EA28A7D99D00B76087 /* Shields */,
				723823E928A7D99400B76087 /* Armors */,
				723823C328A6685D00B76087 /* Weapons */,
			);
			path = Equipment;
			sourceTree = "<group>";
		};
		723823FB28A7DE8500B76087 /* Common */ = {
			isa = PBXGroup;
			children = (
				723823C728A6685D00B76087 /* Attack.swift */,
				723823C428A6685D00B76087 /* Defence.swift */,
				723823C528A6685D00B76087 /* RequiredAttributes.swift */,
				723823C928A6685D00B76087 /* ScalesWith.swift */,
			);
			path = Common;
			sourceTree = "<group>";
		};
/* End PBXGroup section */

/* Begin PBXNativeTarget section */
		7238238E28A5343500B76087 /* EldenRingWiki */ = {
			isa = PBXNativeTarget;
			buildConfigurationList = 723823B328A5343700B76087 /* Build configuration list for PBXNativeTarget "EldenRingWiki" */;
			buildPhases = (
				7238238B28A5343500B76087 /* Sources */,
				7238238C28A5343500B76087 /* Frameworks */,
				7238238D28A5343500B76087 /* Resources */,
			);
			buildRules = (
			);
			dependencies = (
			);
			name = EldenRingWiki;
			productName = EldenRingWiki;
			productReference = 7238238F28A5343500B76087 /* EldenRingWiki.app */;
			productType = "com.apple.product-type.application";
		};
		7238239E28A5343700B76087 /* EldenRingWikiTests */ = {
			isa = PBXNativeTarget;
			buildConfigurationList = 723823B628A5343700B76087 /* Build configuration list for PBXNativeTarget "EldenRingWikiTests" */;
			buildPhases = (
				7238239B28A5343700B76087 /* Sources */,
				7238239C28A5343700B76087 /* Frameworks */,
				7238239D28A5343700B76087 /* Resources */,
			);
			buildRules = (
			);
			dependencies = (
				723823A128A5343700B76087 /* PBXTargetDependency */,
			);
			name = EldenRingWikiTests;
			productName = EldenRingWikiTests;
			productReference = 7238239F28A5343700B76087 /* EldenRingWikiTests.xctest */;
			productType = "com.apple.product-type.bundle.unit-test";
		};
		723823A828A5343700B76087 /* EldenRingWikiUITests */ = {
			isa = PBXNativeTarget;
			buildConfigurationList = 723823B928A5343700B76087 /* Build configuration list for PBXNativeTarget "EldenRingWikiUITests" */;
			buildPhases = (
				723823A528A5343700B76087 /* Sources */,
				723823A628A5343700B76087 /* Frameworks */,
				723823A728A5343700B76087 /* Resources */,
			);
			buildRules = (
			);
			dependencies = (
				723823AB28A5343700B76087 /* PBXTargetDependency */,
			);
			name = EldenRingWikiUITests;
			productName = EldenRingWikiUITests;
			productReference = 723823A928A5343700B76087 /* EldenRingWikiUITests.xctest */;
			productType = "com.apple.product-type.bundle.ui-testing";
		};
/* End PBXNativeTarget section */

/* Begin PBXProject section */
		7238238728A5343500B76087 /* Project object */ = {
			isa = PBXProject;
			attributes = {
				BuildIndependentTargetsInParallel = 1;
				LastSwiftUpdateCheck = 1340;
				LastUpgradeCheck = 1340;
				TargetAttributes = {
					7238238E28A5343500B76087 = {
						CreatedOnToolsVersion = 13.4.1;
					};
					7238239E28A5343700B76087 = {
						CreatedOnToolsVersion = 13.4.1;
						TestTargetID = 7238238E28A5343500B76087;
					};
					723823A828A5343700B76087 = {
						CreatedOnToolsVersion = 13.4.1;
						TestTargetID = 7238238E28A5343500B76087;
					};
				};
			};
			buildConfigurationList = 7238238A28A5343500B76087 /* Build configuration list for PBXProject "EldenRingWiki" */;
			compatibilityVersion = "Xcode 13.0";
			developmentRegion = en;
			hasScannedForEncodings = 0;
			knownRegions = (
				en,
				Base,
			);
			mainGroup = 7238238628A5343500B76087;
			productRefGroup = 7238239028A5343500B76087 /* Products */;
			projectDirPath = "";
			projectRoot = "";
			targets = (
				7238238E28A5343500B76087 /* EldenRingWiki */,
				7238239E28A5343700B76087 /* EldenRingWikiTests */,
				723823A828A5343700B76087 /* EldenRingWikiUITests */,
			);
		};
/* End PBXProject section */

/* Begin PBXResourcesBuildPhase section */
		7238238D28A5343500B76087 /* Resources */ = {
			isa = PBXResourcesBuildPhase;
			buildActionMask = 2147483647;
			files = (
				7238239A28A5343600B76087 /* Preview Assets.xcassets in Resources */,
				723823DE28A69F8100B76087 /* Localizable.strings in Resources */,
				7238239728A5343600B76087 /* Assets.xcassets in Resources */,
			);
			runOnlyForDeploymentPostprocessing = 0;
		};
		7238239D28A5343700B76087 /* Resources */ = {
			isa = PBXResourcesBuildPhase;
			buildActionMask = 2147483647;
			files = (
			);
			runOnlyForDeploymentPostprocessing = 0;
		};
		723823A728A5343700B76087 /* Resources */ = {
			isa = PBXResourcesBuildPhase;
			buildActionMask = 2147483647;
			files = (
			);
			runOnlyForDeploymentPostprocessing = 0;
		};
/* End PBXResourcesBuildPhase section */

/* Begin PBXSourcesBuildPhase section */
		7238238B28A5343500B76087 /* Sources */ = {
			isa = PBXSourcesBuildPhase;
			buildActionMask = 2147483647;
			files = (
				723823FA28A7DDE600B76087 /* ShieldData.swift in Sources */,
				723823F628A7DDD300B76087 /* Shields.swift in Sources */,
				723823E728A6C9E800B76087 /* ScalesWith.swift in Sources */,
				723823CE28A6685D00B76087 /* NetworkError.swift in Sources */,
				7238239528A5343500B76087 /* ContentView.swift in Sources */,
				7238240328A7DF7B00B76087 /* DmgNegation.swift in Sources */,
				723823EE28A7DC9300B76087 /* Ammos.swift in Sources */,
				723823FD28A7DEED00B76087 /* Armors.swift in Sources */,
				723823D928A69F1800B76087 /* HTTPURLResponse+.swift in Sources */,
				723823D228A6692900B76087 /* NetworkService.swift in Sources */,
				723823E828A6C9E800B76087 /* Defence.swift in Sources */,
				7238239328A5343500B76087 /* EldenRingWikiApp.swift in Sources */,
				723823E328A6C9E800B76087 /* Weapon.swift in Sources */,
				723823D728A69EC100B76087 /* String+.swift in Sources */,
				723823E228A6C9E800B76087 /* WeaponsData.swift in Sources */,
				723823E428A6C9E800B76087 /* RequiredAttributes.swift in Sources */,
				723823FF28A7DEF400B76087 /* Armor.swift in Sources */,
				723823D428A6696800B76087 /* Endpoint.swift in Sources */,
				723823DC28A69F7000B76087 /* Constants.swift in Sources */,
				7238240528A7DFA000B76087 /* Resistance.swift in Sources */,
				7238240128A7DF0100B76087 /* ArmorData.swift in Sources */,
				723823E528A6C9E800B76087 /* Attack.swift in Sources */,
				723823F428A7DD4000B76087 /* AttackPower.swift in Sources */,
				723823F228A7DCE000B76087 /* AmmoData.swift in Sources */,
				723823F028A7DCA100B76087 /* Ammo.swift in Sources */,
				723823F828A7DDDD00B76087 /* Shield.swift in Sources */,
				723823E628A6C9E800B76087 /* Weapons.swift in Sources */,
			);
			runOnlyForDeploymentPostprocessing = 0;
		};
		7238239B28A5343700B76087 /* Sources */ = {
			isa = PBXSourcesBuildPhase;
			buildActionMask = 2147483647;
			files = (
				723823A428A5343700B76087 /* EldenRingWikiTests.swift in Sources */,
			);
			runOnlyForDeploymentPostprocessing = 0;
		};
		723823A528A5343700B76087 /* Sources */ = {
			isa = PBXSourcesBuildPhase;
			buildActionMask = 2147483647;
			files = (
				723823AE28A5343700B76087 /* EldenRingWikiUITests.swift in Sources */,
				723823B028A5343700B76087 /* EldenRingWikiUITestsLaunchTests.swift in Sources */,
			);
			runOnlyForDeploymentPostprocessing = 0;
		};
/* End PBXSourcesBuildPhase section */

/* Begin PBXTargetDependency section */
		723823A128A5343700B76087 /* PBXTargetDependency */ = {
			isa = PBXTargetDependency;
			target = 7238238E28A5343500B76087 /* EldenRingWiki */;
			targetProxy = 723823A028A5343700B76087 /* PBXContainerItemProxy */;
		};
		723823AB28A5343700B76087 /* PBXTargetDependency */ = {
			isa = PBXTargetDependency;
			target = 7238238E28A5343500B76087 /* EldenRingWiki */;
			targetProxy = 723823AA28A5343700B76087 /* PBXContainerItemProxy */;
		};
/* End PBXTargetDependency section */

/* Begin XCBuildConfiguration section */
		723823B128A5343700B76087 /* Debug */ = {
			isa = XCBuildConfiguration;
			buildSettings = {
				ALWAYS_SEARCH_USER_PATHS = NO;
				CLANG_ANALYZER_NONNULL = YES;
				CLANG_ANALYZER_NUMBER_OBJECT_CONVERSION = YES_AGGRESSIVE;
				CLANG_CXX_LANGUAGE_STANDARD = "gnu++17";
				CLANG_ENABLE_MODULES = YES;
				CLANG_ENABLE_OBJC_ARC = YES;
				CLANG_ENABLE_OBJC_WEAK = YES;
				CLANG_WARN_BLOCK_CAPTURE_AUTORELEASING = YES;
				CLANG_WARN_BOOL_CONVERSION = YES;
				CLANG_WARN_COMMA = YES;
				CLANG_WARN_CONSTANT_CONVERSION = YES;
				CLANG_WARN_DEPRECATED_OBJC_IMPLEMENTATIONS = YES;
				CLANG_WARN_DIRECT_OBJC_ISA_USAGE = YES_ERROR;
				CLANG_WARN_DOCUMENTATION_COMMENTS = YES;
				CLANG_WARN_EMPTY_BODY = YES;
				CLANG_WARN_ENUM_CONVERSION = YES;
				CLANG_WARN_INFINITE_RECURSION = YES;
				CLANG_WARN_INT_CONVERSION = YES;
				CLANG_WARN_NON_LITERAL_NULL_CONVERSION = YES;
				CLANG_WARN_OBJC_IMPLICIT_RETAIN_SELF = YES;
				CLANG_WARN_OBJC_LITERAL_CONVERSION = YES;
				CLANG_WARN_OBJC_ROOT_CLASS = YES_ERROR;
				CLANG_WARN_QUOTED_INCLUDE_IN_FRAMEWORK_HEADER = YES;
				CLANG_WARN_RANGE_LOOP_ANALYSIS = YES;
				CLANG_WARN_STRICT_PROTOTYPES = YES;
				CLANG_WARN_SUSPICIOUS_MOVE = YES;
				CLANG_WARN_UNGUARDED_AVAILABILITY = YES_AGGRESSIVE;
				CLANG_WARN_UNREACHABLE_CODE = YES;
				CLANG_WARN__DUPLICATE_METHOD_MATCH = YES;
				COPY_PHASE_STRIP = NO;
				DEBUG_INFORMATION_FORMAT = dwarf;
				ENABLE_STRICT_OBJC_MSGSEND = YES;
				ENABLE_TESTABILITY = YES;
				GCC_C_LANGUAGE_STANDARD = gnu11;
				GCC_DYNAMIC_NO_PIC = NO;
				GCC_NO_COMMON_BLOCKS = YES;
				GCC_OPTIMIZATION_LEVEL = 0;
				GCC_PREPROCESSOR_DEFINITIONS = (
					"DEBUG=1",
					"$(inherited)",
				);
				GCC_WARN_64_TO_32_BIT_CONVERSION = YES;
				GCC_WARN_ABOUT_RETURN_TYPE = YES_ERROR;
				GCC_WARN_UNDECLARED_SELECTOR = YES;
				GCC_WARN_UNINITIALIZED_AUTOS = YES_AGGRESSIVE;
				GCC_WARN_UNUSED_FUNCTION = YES;
				GCC_WARN_UNUSED_VARIABLE = YES;
				IPHONEOS_DEPLOYMENT_TARGET = 15.5;
				MTL_ENABLE_DEBUG_INFO = INCLUDE_SOURCE;
				MTL_FAST_MATH = YES;
				ONLY_ACTIVE_ARCH = YES;
				SDKROOT = iphoneos;
				SWIFT_ACTIVE_COMPILATION_CONDITIONS = DEBUG;
				SWIFT_OPTIMIZATION_LEVEL = "-Onone";
			};
			name = Debug;
		};
		723823B228A5343700B76087 /* Release */ = {
			isa = XCBuildConfiguration;
			buildSettings = {
				ALWAYS_SEARCH_USER_PATHS = NO;
				CLANG_ANALYZER_NONNULL = YES;
				CLANG_ANALYZER_NUMBER_OBJECT_CONVERSION = YES_AGGRESSIVE;
				CLANG_CXX_LANGUAGE_STANDARD = "gnu++17";
				CLANG_ENABLE_MODULES = YES;
				CLANG_ENABLE_OBJC_ARC = YES;
				CLANG_ENABLE_OBJC_WEAK = YES;
				CLANG_WARN_BLOCK_CAPTURE_AUTORELEASING = YES;
				CLANG_WARN_BOOL_CONVERSION = YES;
				CLANG_WARN_COMMA = YES;
				CLANG_WARN_CONSTANT_CONVERSION = YES;
				CLANG_WARN_DEPRECATED_OBJC_IMPLEMENTATIONS = YES;
				CLANG_WARN_DIRECT_OBJC_ISA_USAGE = YES_ERROR;
				CLANG_WARN_DOCUMENTATION_COMMENTS = YES;
				CLANG_WARN_EMPTY_BODY = YES;
				CLANG_WARN_ENUM_CONVERSION = YES;
				CLANG_WARN_INFINITE_RECURSION = YES;
				CLANG_WARN_INT_CONVERSION = YES;
				CLANG_WARN_NON_LITERAL_NULL_CONVERSION = YES;
				CLANG_WARN_OBJC_IMPLICIT_RETAIN_SELF = YES;
				CLANG_WARN_OBJC_LITERAL_CONVERSION = YES;
				CLANG_WARN_OBJC_ROOT_CLASS = YES_ERROR;
				CLANG_WARN_QUOTED_INCLUDE_IN_FRAMEWORK_HEADER = YES;
				CLANG_WARN_RANGE_LOOP_ANALYSIS = YES;
				CLANG_WARN_STRICT_PROTOTYPES = YES;
				CLANG_WARN_SUSPICIOUS_MOVE = YES;
				CLANG_WARN_UNGUARDED_AVAILABILITY = YES_AGGRESSIVE;
				CLANG_WARN_UNREACHABLE_CODE = YES;
				CLANG_WARN__DUPLICATE_METHOD_MATCH = YES;
				COPY_PHASE_STRIP = NO;
				DEBUG_INFORMATION_FORMAT = "dwarf-with-dsym";
				ENABLE_NS_ASSERTIONS = NO;
				ENABLE_STRICT_OBJC_MSGSEND = YES;
				GCC_C_LANGUAGE_STANDARD = gnu11;
				GCC_NO_COMMON_BLOCKS = YES;
				GCC_WARN_64_TO_32_BIT_CONVERSION = YES;
				GCC_WARN_ABOUT_RETURN_TYPE = YES_ERROR;
				GCC_WARN_UNDECLARED_SELECTOR = YES;
				GCC_WARN_UNINITIALIZED_AUTOS = YES_AGGRESSIVE;
				GCC_WARN_UNUSED_FUNCTION = YES;
				GCC_WARN_UNUSED_VARIABLE = YES;
				IPHONEOS_DEPLOYMENT_TARGET = 15.5;
				MTL_ENABLE_DEBUG_INFO = NO;
				MTL_FAST_MATH = YES;
				SDKROOT = iphoneos;
				SWIFT_COMPILATION_MODE = wholemodule;
				SWIFT_OPTIMIZATION_LEVEL = "-O";
				VALIDATE_PRODUCT = YES;
			};
			name = Release;
		};
		723823B428A5343700B76087 /* Debug */ = {
			isa = XCBuildConfiguration;
			buildSettings = {
				ASSETCATALOG_COMPILER_APPICON_NAME = AppIcon;
				ASSETCATALOG_COMPILER_GLOBAL_ACCENT_COLOR_NAME = AccentColor;
				CODE_SIGN_STYLE = Automatic;
				CURRENT_PROJECT_VERSION = 1;
				DEVELOPMENT_ASSET_PATHS = "\"EldenRingWiki/Preview Content\"";
				DEVELOPMENT_TEAM = 4AW3ZWSN4J;
				ENABLE_PREVIEWS = YES;
				GENERATE_INFOPLIST_FILE = YES;
				INFOPLIST_KEY_UIApplicationSceneManifest_Generation = YES;
				INFOPLIST_KEY_UIApplicationSupportsIndirectInputEvents = YES;
				INFOPLIST_KEY_UILaunchScreen_Generation = YES;
				INFOPLIST_KEY_UISupportedInterfaceOrientations_iPad = "UIInterfaceOrientationPortrait UIInterfaceOrientationPortraitUpsideDown UIInterfaceOrientationLandscapeLeft UIInterfaceOrientationLandscapeRight";
				INFOPLIST_KEY_UISupportedInterfaceOrientations_iPhone = "UIInterfaceOrientationPortrait UIInterfaceOrientationLandscapeLeft UIInterfaceOrientationLandscapeRight";
				LD_RUNPATH_SEARCH_PATHS = (
					"$(inherited)",
					"@executable_path/Frameworks",
				);
				MARKETING_VERSION = 1.0;
				PRODUCT_BUNDLE_IDENTIFIER = dmitryshliugaev.EldenRingWiki;
				PRODUCT_NAME = "$(TARGET_NAME)";
				SWIFT_EMIT_LOC_STRINGS = YES;
				SWIFT_VERSION = 5.0;
				TARGETED_DEVICE_FAMILY = "1,2";
			};
			name = Debug;
		};
		723823B528A5343700B76087 /* Release */ = {
			isa = XCBuildConfiguration;
			buildSettings = {
				ASSETCATALOG_COMPILER_APPICON_NAME = AppIcon;
				ASSETCATALOG_COMPILER_GLOBAL_ACCENT_COLOR_NAME = AccentColor;
				CODE_SIGN_STYLE = Automatic;
				CURRENT_PROJECT_VERSION = 1;
				DEVELOPMENT_ASSET_PATHS = "\"EldenRingWiki/Preview Content\"";
				DEVELOPMENT_TEAM = 4AW3ZWSN4J;
				ENABLE_PREVIEWS = YES;
				GENERATE_INFOPLIST_FILE = YES;
				INFOPLIST_KEY_UIApplicationSceneManifest_Generation = YES;
				INFOPLIST_KEY_UIApplicationSupportsIndirectInputEvents = YES;
				INFOPLIST_KEY_UILaunchScreen_Generation = YES;
				INFOPLIST_KEY_UISupportedInterfaceOrientations_iPad = "UIInterfaceOrientationPortrait UIInterfaceOrientationPortraitUpsideDown UIInterfaceOrientationLandscapeLeft UIInterfaceOrientationLandscapeRight";
				INFOPLIST_KEY_UISupportedInterfaceOrientations_iPhone = "UIInterfaceOrientationPortrait UIInterfaceOrientationLandscapeLeft UIInterfaceOrientationLandscapeRight";
				LD_RUNPATH_SEARCH_PATHS = (
					"$(inherited)",
					"@executable_path/Frameworks",
				);
				MARKETING_VERSION = 1.0;
				PRODUCT_BUNDLE_IDENTIFIER = dmitryshliugaev.EldenRingWiki;
				PRODUCT_NAME = "$(TARGET_NAME)";
				SWIFT_EMIT_LOC_STRINGS = YES;
				SWIFT_VERSION = 5.0;
				TARGETED_DEVICE_FAMILY = "1,2";
			};
			name = Release;
		};
		723823B728A5343700B76087 /* Debug */ = {
			isa = XCBuildConfiguration;
			buildSettings = {
				ALWAYS_EMBED_SWIFT_STANDARD_LIBRARIES = YES;
				BUNDLE_LOADER = "$(TEST_HOST)";
				CODE_SIGN_STYLE = Automatic;
				CURRENT_PROJECT_VERSION = 1;
				DEVELOPMENT_TEAM = 4AW3ZWSN4J;
				GENERATE_INFOPLIST_FILE = YES;
				IPHONEOS_DEPLOYMENT_TARGET = 15.5;
				MARKETING_VERSION = 1.0;
				PRODUCT_BUNDLE_IDENTIFIER = dmitryshliugaev.EldenRingWikiTests;
				PRODUCT_NAME = "$(TARGET_NAME)";
				SWIFT_EMIT_LOC_STRINGS = NO;
				SWIFT_VERSION = 5.0;
				TARGETED_DEVICE_FAMILY = "1,2";
				TEST_HOST = "$(BUILT_PRODUCTS_DIR)/EldenRingWiki.app/EldenRingWiki";
			};
			name = Debug;
		};
		723823B828A5343700B76087 /* Release */ = {
			isa = XCBuildConfiguration;
			buildSettings = {
				ALWAYS_EMBED_SWIFT_STANDARD_LIBRARIES = YES;
				BUNDLE_LOADER = "$(TEST_HOST)";
				CODE_SIGN_STYLE = Automatic;
				CURRENT_PROJECT_VERSION = 1;
				DEVELOPMENT_TEAM = 4AW3ZWSN4J;
				GENERATE_INFOPLIST_FILE = YES;
				IPHONEOS_DEPLOYMENT_TARGET = 15.5;
				MARKETING_VERSION = 1.0;
				PRODUCT_BUNDLE_IDENTIFIER = dmitryshliugaev.EldenRingWikiTests;
				PRODUCT_NAME = "$(TARGET_NAME)";
				SWIFT_EMIT_LOC_STRINGS = NO;
				SWIFT_VERSION = 5.0;
				TARGETED_DEVICE_FAMILY = "1,2";
				TEST_HOST = "$(BUILT_PRODUCTS_DIR)/EldenRingWiki.app/EldenRingWiki";
			};
			name = Release;
		};
		723823BA28A5343700B76087 /* Debug */ = {
			isa = XCBuildConfiguration;
			buildSettings = {
				ALWAYS_EMBED_SWIFT_STANDARD_LIBRARIES = YES;
				CODE_SIGN_STYLE = Automatic;
				CURRENT_PROJECT_VERSION = 1;
				DEVELOPMENT_TEAM = 4AW3ZWSN4J;
				GENERATE_INFOPLIST_FILE = YES;
				MARKETING_VERSION = 1.0;
				PRODUCT_BUNDLE_IDENTIFIER = dmitryshliugaev.EldenRingWikiUITests;
				PRODUCT_NAME = "$(TARGET_NAME)";
				SWIFT_EMIT_LOC_STRINGS = NO;
				SWIFT_VERSION = 5.0;
				TARGETED_DEVICE_FAMILY = "1,2";
				TEST_TARGET_NAME = EldenRingWiki;
			};
			name = Debug;
		};
		723823BB28A5343700B76087 /* Release */ = {
			isa = XCBuildConfiguration;
			buildSettings = {
				ALWAYS_EMBED_SWIFT_STANDARD_LIBRARIES = YES;
				CODE_SIGN_STYLE = Automatic;
				CURRENT_PROJECT_VERSION = 1;
				DEVELOPMENT_TEAM = 4AW3ZWSN4J;
				GENERATE_INFOPLIST_FILE = YES;
				MARKETING_VERSION = 1.0;
				PRODUCT_BUNDLE_IDENTIFIER = dmitryshliugaev.EldenRingWikiUITests;
				PRODUCT_NAME = "$(TARGET_NAME)";
				SWIFT_EMIT_LOC_STRINGS = NO;
				SWIFT_VERSION = 5.0;
				TARGETED_DEVICE_FAMILY = "1,2";
				TEST_TARGET_NAME = EldenRingWiki;
			};
			name = Release;
		};
/* End XCBuildConfiguration section */

/* Begin XCConfigurationList section */
		7238238A28A5343500B76087 /* Build configuration list for PBXProject "EldenRingWiki" */ = {
			isa = XCConfigurationList;
			buildConfigurations = (
				723823B128A5343700B76087 /* Debug */,
				723823B228A5343700B76087 /* Release */,
			);
			defaultConfigurationIsVisible = 0;
			defaultConfigurationName = Release;
		};
		723823B328A5343700B76087 /* Build configuration list for PBXNativeTarget "EldenRingWiki" */ = {
			isa = XCConfigurationList;
			buildConfigurations = (
				723823B428A5343700B76087 /* Debug */,
				723823B528A5343700B76087 /* Release */,
			);
			defaultConfigurationIsVisible = 0;
			defaultConfigurationName = Release;
		};
		723823B628A5343700B76087 /* Build configuration list for PBXNativeTarget "EldenRingWikiTests" */ = {
			isa = XCConfigurationList;
			buildConfigurations = (
				723823B728A5343700B76087 /* Debug */,
				723823B828A5343700B76087 /* Release */,
			);
			defaultConfigurationIsVisible = 0;
			defaultConfigurationName = Release;
		};
		723823B928A5343700B76087 /* Build configuration list for PBXNativeTarget "EldenRingWikiUITests" */ = {
			isa = XCConfigurationList;
			buildConfigurations = (
				723823BA28A5343700B76087 /* Debug */,
				723823BB28A5343700B76087 /* Release */,
			);
			defaultConfigurationIsVisible = 0;
			defaultConfigurationName = Release;
		};
/* End XCConfigurationList section */
	};
	rootObject = 7238238728A5343500B76087 /* Project object */;
}
